// !$*UTF8*$!
{
	archiveVersion = 1;
	classes = {
	};
	objectVersion = 56;
	objects = {

/* Begin PBXBuildFile section */
		046B12352C3084BD0095ECC7 /* AppDelegate.swift in Sources */ = {isa = PBXBuildFile; fileRef = 046B12342C3084BD0095ECC7 /* AppDelegate.swift */; };
		046B12372C3084BD0095ECC7 /* SceneDelegate.swift in Sources */ = {isa = PBXBuildFile; fileRef = 046B12362C3084BD0095ECC7 /* SceneDelegate.swift */; };
		046B123E2C3084BF0095ECC7 /* Assets.xcassets in Resources */ = {isa = PBXBuildFile; fileRef = 046B123D2C3084BF0095ECC7 /* Assets.xcassets */; };
		046B124F2C30BAE10095ECC7 /* HomeViewController.swift in Sources */ = {isa = PBXBuildFile; fileRef = 046B124E2C30BAE10095ECC7 /* HomeViewController.swift */; };
		046B12512C30BB170095ECC7 /* BaseViewController.swift in Sources */ = {isa = PBXBuildFile; fileRef = 046B12502C30BB170095ECC7 /* BaseViewController.swift */; };
		046B12532C30BBFE0095ECC7 /* AppCoordinator.swift in Sources */ = {isa = PBXBuildFile; fileRef = 046B12522C30BBFE0095ECC7 /* AppCoordinator.swift */; };
		046B12572C30C2690095ECC7 /* Home.storyboard in Resources */ = {isa = PBXBuildFile; fileRef = 046B12562C30C2690095ECC7 /* Home.storyboard */; };
		046B12592C30C2770095ECC7 /* HomeCoordinator.swift in Sources */ = {isa = PBXBuildFile; fileRef = 046B12582C30C2770095ECC7 /* HomeCoordinator.swift */; };
		046B125B2C30C2860095ECC7 /* HomeViewModel.swift in Sources */ = {isa = PBXBuildFile; fileRef = 046B125A2C30C2860095ECC7 /* HomeViewModel.swift */; };
		046B12602C32BAD10095ECC7 /* Coordinator.swift in Sources */ = {isa = PBXBuildFile; fileRef = 046B125F2C32BAD10095ECC7 /* Coordinator.swift */; };
		046B12652C3407AB0095ECC7 /* UIColor+Extension.swift in Sources */ = {isa = PBXBuildFile; fileRef = 046B12642C3407AB0095ECC7 /* UIColor+Extension.swift */; };
/* End PBXBuildFile section */

/* Begin PBXFileReference section */
		046B12312C3084BD0095ECC7 /* FitnessApp.app */ = {isa = PBXFileReference; explicitFileType = wrapper.application; includeInIndex = 0; path = FitnessApp.app; sourceTree = BUILT_PRODUCTS_DIR; };
		046B12342C3084BD0095ECC7 /* AppDelegate.swift */ = {isa = PBXFileReference; lastKnownFileType = sourcecode.swift; path = AppDelegate.swift; sourceTree = "<group>"; };
		046B12362C3084BD0095ECC7 /* SceneDelegate.swift */ = {isa = PBXFileReference; lastKnownFileType = sourcecode.swift; path = SceneDelegate.swift; sourceTree = "<group>"; };
		046B123D2C3084BF0095ECC7 /* Assets.xcassets */ = {isa = PBXFileReference; lastKnownFileType = folder.assetcatalog; path = Assets.xcassets; sourceTree = "<group>"; };
		046B12422C3084BF0095ECC7 /* Info.plist */ = {isa = PBXFileReference; lastKnownFileType = text.plist.xml; path = Info.plist; sourceTree = "<group>"; };
		046B124E2C30BAE10095ECC7 /* HomeViewController.swift */ = {isa = PBXFileReference; lastKnownFileType = sourcecode.swift; path = HomeViewController.swift; sourceTree = "<group>"; };
		046B12502C30BB170095ECC7 /* BaseViewController.swift */ = {isa = PBXFileReference; lastKnownFileType = sourcecode.swift; path = BaseViewController.swift; sourceTree = "<group>"; };
		046B12522C30BBFE0095ECC7 /* AppCoordinator.swift */ = {isa = PBXFileReference; lastKnownFileType = sourcecode.swift; path = AppCoordinator.swift; sourceTree = "<group>"; };
		046B12562C30C2690095ECC7 /* Home.storyboard */ = {isa = PBXFileReference; lastKnownFileType = file.storyboard; path = Home.storyboard; sourceTree = "<group>"; };
		046B12582C30C2770095ECC7 /* HomeCoordinator.swift */ = {isa = PBXFileReference; lastKnownFileType = sourcecode.swift; path = HomeCoordinator.swift; sourceTree = "<group>"; };
		046B125A2C30C2860095ECC7 /* HomeViewModel.swift */ = {isa = PBXFileReference; lastKnownFileType = sourcecode.swift; path = HomeViewModel.swift; sourceTree = "<group>"; };
		046B125F2C32BAD10095ECC7 /* Coordinator.swift */ = {isa = PBXFileReference; lastKnownFileType = sourcecode.swift; path = Coordinator.swift; sourceTree = "<group>"; };
		046B12642C3407AB0095ECC7 /* UIColor+Extension.swift */ = {isa = PBXFileReference; lastKnownFileType = sourcecode.swift; path = "UIColor+Extension.swift"; sourceTree = "<group>"; };
/* End PBXFileReference section */

/* Begin PBXFrameworksBuildPhase section */
		046B122E2C3084BD0095ECC7 /* Frameworks */ = {
			isa = PBXFrameworksBuildPhase;
			buildActionMask = 2147483647;
			files = (
			);
			runOnlyForDeploymentPostprocessing = 0;
		};
/* End PBXFrameworksBuildPhase section */

/* Begin PBXGroup section */
		046B12282C3084BD0095ECC7 = {
			isa = PBXGroup;
			children = (
				046B12332C3084BD0095ECC7 /* FitnessApp */,
				046B12322C3084BD0095ECC7 /* Products */,
			);
			sourceTree = "<group>";
		};
		046B12322C3084BD0095ECC7 /* Products */ = {
			isa = PBXGroup;
			children = (
				046B12312C3084BD0095ECC7 /* FitnessApp.app */,
			);
			name = Products;
			sourceTree = "<group>";
		};
		046B12332C3084BD0095ECC7 /* FitnessApp */ = {
			isa = PBXGroup;
			children = (
				046B12632C3402BF0095ECC7 /* UIComponents */,
				046B12622C3402B20095ECC7 /* Extensions */,
				046B12612C3402980095ECC7 /* Resources */,
				046B12482C30BA480095ECC7 /* Application */,
				046B12492C30BA530095ECC7 /* API */,
				046B124A2C30BA590095ECC7 /* Base */,
				046B12422C3084BF0095ECC7 /* Info.plist */,
			);
			path = FitnessApp;
			sourceTree = "<group>";
		};
		046B12482C30BA480095ECC7 /* Application */ = {
			isa = PBXGroup;
			children = (
				046B124D2C30BABE0095ECC7 /* Home */,
				046B12342C3084BD0095ECC7 /* AppDelegate.swift */,
				046B12362C3084BD0095ECC7 /* SceneDelegate.swift */,
				046B12522C30BBFE0095ECC7 /* AppCoordinator.swift */,
			);
			path = Application;
			sourceTree = "<group>";
		};
		046B12492C30BA530095ECC7 /* API */ = {
			isa = PBXGroup;
			children = (
			);
			path = API;
			sourceTree = "<group>";
		};
		046B124A2C30BA590095ECC7 /* Base */ = {
			isa = PBXGroup;
			children = (
				046B12502C30BB170095ECC7 /* BaseViewController.swift */,
				046B125F2C32BAD10095ECC7 /* Coordinator.swift */,
			);
			path = Base;
			sourceTree = "<group>";
		};
		046B124D2C30BABE0095ECC7 /* Home */ = {
			isa = PBXGroup;
			children = (
				046B124E2C30BAE10095ECC7 /* HomeViewController.swift */,
				046B12562C30C2690095ECC7 /* Home.storyboard */,
				046B12582C30C2770095ECC7 /* HomeCoordinator.swift */,
				046B125A2C30C2860095ECC7 /* HomeViewModel.swift */,
			);
			path = Home;
			sourceTree = "<group>";
		};
		046B12612C3402980095ECC7 /* Resources */ = {
			isa = PBXGroup;
			children = (
				046B123D2C3084BF0095ECC7 /* Assets.xcassets */,
			);
			path = Resources;
			sourceTree = "<group>";
		};
		046B12622C3402B20095ECC7 /* Extensions */ = {
			isa = PBXGroup;
			children = (
				046B12642C3407AB0095ECC7 /* UIColor+Extension.swift */,
			);
			path = Extensions;
			sourceTree = "<group>";
		};
		046B12632C3402BF0095ECC7 /* UIComponents */ = {
			isa = PBXGroup;
			children = (
			);
			path = UIComponents;
			sourceTree = "<group>";
		};
/* End PBXGroup section */

/* Begin PBXNativeTarget section */
		046B12302C3084BD0095ECC7 /* FitnessApp */ = {
			isa = PBXNativeTarget;
			buildConfigurationList = 046B12452C3084BF0095ECC7 /* Build configuration list for PBXNativeTarget "FitnessApp" */;
			buildPhases = (
				046B122D2C3084BD0095ECC7 /* Sources */,
				046B122E2C3084BD0095ECC7 /* Frameworks */,
				046B122F2C3084BD0095ECC7 /* Resources */,
			);
			buildRules = (
			);
			dependencies = (
			);
			name = FitnessApp;
			productName = FitnessApp;
			productReference = 046B12312C3084BD0095ECC7 /* FitnessApp.app */;
			productType = "com.apple.product-type.application";
		};
/* End PBXNativeTarget section */

/* Begin PBXProject section */
		046B12292C3084BD0095ECC7 /* Project object */ = {
			isa = PBXProject;
			attributes = {
				BuildIndependentTargetsInParallel = 1;
				LastSwiftUpdateCheck = 1420;
				LastUpgradeCheck = 1420;
				TargetAttributes = {
					046B12302C3084BD0095ECC7 = {
						CreatedOnToolsVersion = 14.2;
					};
				};
			};
			buildConfigurationList = 046B122C2C3084BD0095ECC7 /* Build configuration list for PBXProject "FitnessApp" */;
			compatibilityVersion = "Xcode 14.0";
			developmentRegion = en;
			hasScannedForEncodings = 0;
			knownRegions = (
				en,
				Base,
			);
			mainGroup = 046B12282C3084BD0095ECC7;
			productRefGroup = 046B12322C3084BD0095ECC7 /* Products */;
			projectDirPath = "";
			projectRoot = "";
			targets = (
				046B12302C3084BD0095ECC7 /* FitnessApp */,
			);
		};
/* End PBXProject section */

/* Begin PBXResourcesBuildPhase section */
		046B122F2C3084BD0095ECC7 /* Resources */ = {
			isa = PBXResourcesBuildPhase;
			buildActionMask = 2147483647;
			files = (
				046B123E2C3084BF0095ECC7 /* Assets.xcassets in Resources */,
				046B12572C30C2690095ECC7 /* Home.storyboard in Resources */,
			);
			runOnlyForDeploymentPostprocessing = 0;
		};
/* End PBXResourcesBuildPhase section */

/* Begin PBXSourcesBuildPhase section */
		046B122D2C3084BD0095ECC7 /* Sources */ = {
			isa = PBXSourcesBuildPhase;
			buildActionMask = 2147483647;
			files = (
				046B12532C30BBFE0095ECC7 /* AppCoordinator.swift in Sources */,
				046B125B2C30C2860095ECC7 /* HomeViewModel.swift in Sources */,
				046B12512C30BB170095ECC7 /* BaseViewController.swift in Sources */,
				046B12652C3407AB0095ECC7 /* UIColor+Extension.swift in Sources */,
				046B124F2C30BAE10095ECC7 /* HomeViewController.swift in Sources */,
				046B12352C3084BD0095ECC7 /* AppDelegate.swift in Sources */,
				046B12592C30C2770095ECC7 /* HomeCoordinator.swift in Sources */,
				046B12372C3084BD0095ECC7 /* SceneDelegate.swift in Sources */,
				046B12602C32BAD10095ECC7 /* Coordinator.swift in Sources */,
			);
			runOnlyForDeploymentPostprocessing = 0;
		};
/* End PBXSourcesBuildPhase section */

/* Begin XCBuildConfiguration section */
		046B12432C3084BF0095ECC7 /* Debug */ = {
			isa = XCBuildConfiguration;
			buildSettings = {
				ALWAYS_SEARCH_USER_PATHS = NO;
				CLANG_ANALYZER_NONNULL = YES;
				CLANG_ANALYZER_NUMBER_OBJECT_CONVERSION = YES_AGGRESSIVE;
				CLANG_CXX_LANGUAGE_STANDARD = "gnu++20";
				CLANG_ENABLE_MODULES = YES;
				CLANG_ENABLE_OBJC_ARC = YES;
				CLANG_ENABLE_OBJC_WEAK = YES;
				CLANG_WARN_BLOCK_CAPTURE_AUTORELEASING = YES;
				CLANG_WARN_BOOL_CONVERSION = YES;
				CLANG_WARN_COMMA = YES;
				CLANG_WARN_CONSTANT_CONVERSION = YES;
				CLANG_WARN_DEPRECATED_OBJC_IMPLEMENTATIONS = YES;
				CLANG_WARN_DIRECT_OBJC_ISA_USAGE = YES_ERROR;
				CLANG_WARN_DOCUMENTATION_COMMENTS = YES;
				CLANG_WARN_EMPTY_BODY = YES;
				CLANG_WARN_ENUM_CONVERSION = YES;
				CLANG_WARN_INFINITE_RECURSION = YES;
				CLANG_WARN_INT_CONVERSION = YES;
				CLANG_WARN_NON_LITERAL_NULL_CONVERSION = YES;
				CLANG_WARN_OBJC_IMPLICIT_RETAIN_SELF = YES;
				CLANG_WARN_OBJC_LITERAL_CONVERSION = YES;
				CLANG_WARN_OBJC_ROOT_CLASS = YES_ERROR;
				CLANG_WARN_QUOTED_INCLUDE_IN_FRAMEWORK_HEADER = YES;
				CLANG_WARN_RANGE_LOOP_ANALYSIS = YES;
				CLANG_WARN_STRICT_PROTOTYPES = YES;
				CLANG_WARN_SUSPICIOUS_MOVE = YES;
				CLANG_WARN_UNGUARDED_AVAILABILITY = YES_AGGRESSIVE;
				CLANG_WARN_UNREACHABLE_CODE = YES;
				CLANG_WARN__DUPLICATE_METHOD_MATCH = YES;
				COPY_PHASE_STRIP = NO;
				DEBUG_INFORMATION_FORMAT = dwarf;
				ENABLE_STRICT_OBJC_MSGSEND = YES;
				ENABLE_TESTABILITY = YES;
				GCC_C_LANGUAGE_STANDARD = gnu11;
				GCC_DYNAMIC_NO_PIC = NO;
				GCC_NO_COMMON_BLOCKS = YES;
				GCC_OPTIMIZATION_LEVEL = 0;
				GCC_PREPROCESSOR_DEFINITIONS = (
					"DEBUG=1",
					"$(inherited)",
				);
				GCC_WARN_64_TO_32_BIT_CONVERSION = YES;
				GCC_WARN_ABOUT_RETURN_TYPE = YES_ERROR;
				GCC_WARN_UNDECLARED_SELECTOR = YES;
				GCC_WARN_UNINITIALIZED_AUTOS = YES_AGGRESSIVE;
				GCC_WARN_UNUSED_FUNCTION = YES;
				GCC_WARN_UNUSED_VARIABLE = YES;
				IPHONEOS_DEPLOYMENT_TARGET = 16.2;
				MTL_ENABLE_DEBUG_INFO = INCLUDE_SOURCE;
				MTL_FAST_MATH = YES;
				ONLY_ACTIVE_ARCH = YES;
				SDKROOT = iphoneos;
				SWIFT_ACTIVE_COMPILATION_CONDITIONS = DEBUG;
				SWIFT_OPTIMIZATION_LEVEL = "-Onone";
			};
			name = Debug;
		};
		046B12442C3084BF0095ECC7 /* Release */ = {
			isa = XCBuildConfiguration;
			buildSettings = {
				ALWAYS_SEARCH_USER_PATHS = NO;
				CLANG_ANALYZER_NONNULL = YES;
				CLANG_ANALYZER_NUMBER_OBJECT_CONVERSION = YES_AGGRESSIVE;
				CLANG_CXX_LANGUAGE_STANDARD = "gnu++20";
				CLANG_ENABLE_MODULES = YES;
				CLANG_ENABLE_OBJC_ARC = YES;
				CLANG_ENABLE_OBJC_WEAK = YES;
				CLANG_WARN_BLOCK_CAPTURE_AUTORELEASING = YES;
				CLANG_WARN_BOOL_CONVERSION = YES;
				CLANG_WARN_COMMA = YES;
				CLANG_WARN_CONSTANT_CONVERSION = YES;
				CLANG_WARN_DEPRECATED_OBJC_IMPLEMENTATIONS = YES;
				CLANG_WARN_DIRECT_OBJC_ISA_USAGE = YES_ERROR;
				CLANG_WARN_DOCUMENTATION_COMMENTS = YES;
				CLANG_WARN_EMPTY_BODY = YES;
				CLANG_WARN_ENUM_CONVERSION = YES;
				CLANG_WARN_INFINITE_RECURSION = YES;
				CLANG_WARN_INT_CONVERSION = YES;
				CLANG_WARN_NON_LITERAL_NULL_CONVERSION = YES;
				CLANG_WARN_OBJC_IMPLICIT_RETAIN_SELF = YES;
				CLANG_WARN_OBJC_LITERAL_CONVERSION = YES;
				CLANG_WARN_OBJC_ROOT_CLASS = YES_ERROR;
				CLANG_WARN_QUOTED_INCLUDE_IN_FRAMEWORK_HEADER = YES;
				CLANG_WARN_RANGE_LOOP_ANALYSIS = YES;
				CLANG_WARN_STRICT_PROTOTYPES = YES;
				CLANG_WARN_SUSPICIOUS_MOVE = YES;
				CLANG_WARN_UNGUARDED_AVAILABILITY = YES_AGGRESSIVE;
				CLANG_WARN_UNREACHABLE_CODE = YES;
				CLANG_WARN__DUPLICATE_METHOD_MATCH = YES;
				COPY_PHASE_STRIP = NO;
				DEBUG_INFORMATION_FORMAT = "dwarf-with-dsym";
				ENABLE_NS_ASSERTIONS = NO;
				ENABLE_STRICT_OBJC_MSGSEND = YES;
				GCC_C_LANGUAGE_STANDARD = gnu11;
				GCC_NO_COMMON_BLOCKS = YES;
				GCC_WARN_64_TO_32_BIT_CONVERSION = YES;
				GCC_WARN_ABOUT_RETURN_TYPE = YES_ERROR;
				GCC_WARN_UNDECLARED_SELECTOR = YES;
				GCC_WARN_UNINITIALIZED_AUTOS = YES_AGGRESSIVE;
				GCC_WARN_UNUSED_FUNCTION = YES;
				GCC_WARN_UNUSED_VARIABLE = YES;
				IPHONEOS_DEPLOYMENT_TARGET = 16.2;
				MTL_ENABLE_DEBUG_INFO = NO;
				MTL_FAST_MATH = YES;
				SDKROOT = iphoneos;
				SWIFT_COMPILATION_MODE = wholemodule;
				SWIFT_OPTIMIZATION_LEVEL = "-O";
				VALIDATE_PRODUCT = YES;
			};
			name = Release;
		};
		046B12462C3084BF0095ECC7 /* Debug */ = {
			isa = XCBuildConfiguration;
			buildSettings = {
				ASSETCATALOG_COMPILER_APPICON_NAME = AppIcon;
				ASSETCATALOG_COMPILER_GLOBAL_ACCENT_COLOR_NAME = AccentColor;
				CODE_SIGN_STYLE = Automatic;
				CURRENT_PROJECT_VERSION = 1;
				GENERATE_INFOPLIST_FILE = YES;
				INFOPLIST_FILE = FitnessApp/Info.plist;
				INFOPLIST_KEY_UIApplicationSupportsIndirectInputEvents = YES;
				INFOPLIST_KEY_UILaunchStoryboardName = LaunchScreen;
				INFOPLIST_KEY_UISupportedInterfaceOrientations_iPad = "UIInterfaceOrientationPortrait UIInterfaceOrientationPortraitUpsideDown UIInterfaceOrientationLandscapeLeft UIInterfaceOrientationLandscapeRight";
				INFOPLIST_KEY_UISupportedInterfaceOrientations_iPhone = "UIInterfaceOrientationPortrait UIInterfaceOrientationLandscapeLeft UIInterfaceOrientationLandscapeRight";
				LD_RUNPATH_SEARCH_PATHS = (
					"$(inherited)",
					"@executable_path/Frameworks",
				);
				MARKETING_VERSION = 1.0;
				PRODUCT_BUNDLE_IDENTIFIER = com.JaneStr.FitnessApp;
				PRODUCT_NAME = "$(TARGET_NAME)";
				SWIFT_EMIT_LOC_STRINGS = YES;
				SWIFT_VERSION = 5.0;
				TARGETED_DEVICE_FAMILY = "1,2";
			};
			name = Debug;
		};
		046B12472C3084BF0095ECC7 /* Release */ = {
			isa = XCBuildConfiguration;
			buildSettings = {
				ASSETCATALOG_COMPILER_APPICON_NAME = AppIcon;
				ASSETCATALOG_COMPILER_GLOBAL_ACCENT_COLOR_NAME = AccentColor;
				CODE_SIGN_STYLE = Automatic;
				CURRENT_PROJECT_VERSION = 1;
				GENERATE_INFOPLIST_FILE = YES;
				INFOPLIST_FILE = FitnessApp/Info.plist;
				INFOPLIST_KEY_UIApplicationSupportsIndirectInputEvents = YES;
				INFOPLIST_KEY_UILaunchStoryboardName = LaunchScreen;
				INFOPLIST_KEY_UISupportedInterfaceOrientations_iPad = "UIInterfaceOrientationPortrait UIInterfaceOrientationPortraitUpsideDown UIInterfaceOrientationLandscapeLeft UIInterfaceOrientationLandscapeRight";
				INFOPLIST_KEY_UISupportedInterfaceOrientations_iPhone = "UIInterfaceOrientationPortrait UIInterfaceOrientationLandscapeLeft UIInterfaceOrientationLandscapeRight";
				LD_RUNPATH_SEARCH_PATHS = (
					"$(inherited)",
					"@executable_path/Frameworks",
				);
				MARKETING_VERSION = 1.0;
				PRODUCT_BUNDLE_IDENTIFIER = com.JaneStr.FitnessApp;
				PRODUCT_NAME = "$(TARGET_NAME)";
				SWIFT_EMIT_LOC_STRINGS = YES;
				SWIFT_VERSION = 5.0;
				TARGETED_DEVICE_FAMILY = "1,2";
			};
			name = Release;
		};
/* End XCBuildConfiguration section */

/* Begin XCConfigurationList section */
		046B122C2C3084BD0095ECC7 /* Build configuration list for PBXProject "FitnessApp" */ = {
			isa = XCConfigurationList;
			buildConfigurations = (
				046B12432C3084BF0095ECC7 /* Debug */,
				046B12442C3084BF0095ECC7 /* Release */,
			);
			defaultConfigurationIsVisible = 0;
			defaultConfigurationName = Release;
		};
		046B12452C3084BF0095ECC7 /* Build configuration list for PBXNativeTarget "FitnessApp" */ = {
			isa = XCConfigurationList;
			buildConfigurations = (
				046B12462C3084BF0095ECC7 /* Debug */,
				046B12472C3084BF0095ECC7 /* Release */,
			);
			defaultConfigurationIsVisible = 0;
			defaultConfigurationName = Release;
		};
/* End XCConfigurationList section */
	};
	rootObject = 046B12292C3084BD0095ECC7 /* Project object */;
}
