// !$*UTF8*$!
{
	archiveVersion = 1;
	classes = {
	};
	objectVersion = 56;
	objects = {

/* Begin PBXBuildFile section */
		041175D62C3A006C00059052 /* TabCoordinator.swift in Sources */ = {isa = PBXBuildFile; fileRef = 041175D52C3A006C00059052 /* TabCoordinator.swift */; };
		041175DE2C3A8D4B00059052 /* MusclesViewController.swift in Sources */ = {isa = PBXBuildFile; fileRef = 041175DD2C3A8D4B00059052 /* MusclesViewController.swift */; };
		041175E02C3A8D6D00059052 /* MusclesViewModel.swift in Sources */ = {isa = PBXBuildFile; fileRef = 041175DF2C3A8D6D00059052 /* MusclesViewModel.swift */; };
		041175E22C3A8D7900059052 /* MusclesCoordinator.swift in Sources */ = {isa = PBXBuildFile; fileRef = 041175E12C3A8D7900059052 /* MusclesCoordinator.swift */; };
		041175E42C3A8D8300059052 /* Muscles.storyboard in Resources */ = {isa = PBXBuildFile; fileRef = 041175E32C3A8D8300059052 /* Muscles.storyboard */; };
		041175E62C3A8D9100059052 /* ClaculatorViewController.swift in Sources */ = {isa = PBXBuildFile; fileRef = 041175E52C3A8D9100059052 /* ClaculatorViewController.swift */; };
		041175E82C3A8D9B00059052 /* CalculatorViewModel.swift in Sources */ = {isa = PBXBuildFile; fileRef = 041175E72C3A8D9B00059052 /* CalculatorViewModel.swift */; };
		041175EA2C3A8DA900059052 /* CalculatorCoordinator.swift in Sources */ = {isa = PBXBuildFile; fileRef = 041175E92C3A8DA900059052 /* CalculatorCoordinator.swift */; };
		041175EC2C3A8DB300059052 /* Calculator.storyboard in Resources */ = {isa = PBXBuildFile; fileRef = 041175EB2C3A8DB300059052 /* Calculator.storyboard */; };
		041175EE2C3A8DC200059052 /* ProgressViewController.swift in Sources */ = {isa = PBXBuildFile; fileRef = 041175ED2C3A8DC200059052 /* ProgressViewController.swift */; };
		041175F02C3A8DCD00059052 /* ProgressViewModel.swift in Sources */ = {isa = PBXBuildFile; fileRef = 041175EF2C3A8DCD00059052 /* ProgressViewModel.swift */; };
		041175F22C3A8DD800059052 /* ProgressCoordinator.swift in Sources */ = {isa = PBXBuildFile; fileRef = 041175F12C3A8DD800059052 /* ProgressCoordinator.swift */; };
		041175F42C3A8DDF00059052 /* Progress.storyboard in Resources */ = {isa = PBXBuildFile; fileRef = 041175F32C3A8DDF00059052 /* Progress.storyboard */; };
		041175F62C3B3CC600059052 /* FirebaseService.swift in Sources */ = {isa = PBXBuildFile; fileRef = 041175F52C3B3CC600059052 /* FirebaseService.swift */; };
		041175FF2C3BCF7300059052 /* SplashViewModel.swift in Sources */ = {isa = PBXBuildFile; fileRef = 041175FE2C3BCF7300059052 /* SplashViewModel.swift */; };
		042535632C39F36300FE9611 /* SplashCoordinator.swift in Sources */ = {isa = PBXBuildFile; fileRef = 042535622C39F36300FE9611 /* SplashCoordinator.swift */; };
		042535652C39F44F00FE9611 /* UIViewController+Extension.swift in Sources */ = {isa = PBXBuildFile; fileRef = 042535642C39F44F00FE9611 /* UIViewController+Extension.swift */; };
		042DF4992C514183004436DD /* OptionView.swift in Sources */ = {isa = PBXBuildFile; fileRef = 042DF4982C514183004436DD /* OptionView.swift */; };
		042DF49D2C51426E004436DD /* OptionView.xib in Resources */ = {isa = PBXBuildFile; fileRef = 042DF49C2C51426E004436DD /* OptionView.xib */; };
		042DF4A12C53C8AF004436DD /* OptionCollectionViewCell.swift in Sources */ = {isa = PBXBuildFile; fileRef = 042DF49F2C53C8AF004436DD /* OptionCollectionViewCell.swift */; };
		042DF4A22C53C8AF004436DD /* OptionCollectionViewCell.xib in Resources */ = {isa = PBXBuildFile; fileRef = 042DF4A02C53C8AF004436DD /* OptionCollectionViewCell.xib */; };
		042DF4A42C542744004436DD /* Double+Extensions.swift in Sources */ = {isa = PBXBuildFile; fileRef = 042DF4A32C542743004436DD /* Double+Extensions.swift */; };
		042DF4AF2C544850004436DD /* Gilroy-Semibold.ttf in Resources */ = {isa = PBXBuildFile; fileRef = 042DF4AE2C54484F004436DD /* Gilroy-Semibold.ttf */; };
		042DF4B22C57DB81004436DD /* Date+Extension.swift in Sources */ = {isa = PBXBuildFile; fileRef = 042DF4B12C57DB81004436DD /* Date+Extension.swift */; };
		042DF4B62C591BE3004436DD /* ProgressTableViewCell.swift in Sources */ = {isa = PBXBuildFile; fileRef = 042DF4B42C591BE2004436DD /* ProgressTableViewCell.swift */; };
		042DF4B72C591BE3004436DD /* ProgressTableViewCell.xib in Resources */ = {isa = PBXBuildFile; fileRef = 042DF4B52C591BE3004436DD /* ProgressTableViewCell.xib */; };
		042DF4BC2C5A8590004436DD /* UserChangeObserver.swift in Sources */ = {isa = PBXBuildFile; fileRef = 042DF4BB2C5A8590004436DD /* UserChangeObserver.swift */; };
		042DF4BF2C5A8EA3004436DD /* ChartViewController.swift in Sources */ = {isa = PBXBuildFile; fileRef = 042DF4BE2C5A8EA2004436DD /* ChartViewController.swift */; };
		042DF4C12C5A8EAE004436DD /* ChartCoordinator.swift in Sources */ = {isa = PBXBuildFile; fileRef = 042DF4C02C5A8EAE004436DD /* ChartCoordinator.swift */; };
		042DF4C32C5A8EB8004436DD /* ChartViewModel.swift in Sources */ = {isa = PBXBuildFile; fileRef = 042DF4C22C5A8EB8004436DD /* ChartViewModel.swift */; };
		042DF4C52C5A8EC2004436DD /* Chart.storyboard in Resources */ = {isa = PBXBuildFile; fileRef = 042DF4C42C5A8EC2004436DD /* Chart.storyboard */; };
		0433DEAD2C4BB7E500DB4B31 /* UserModel.swift in Sources */ = {isa = PBXBuildFile; fileRef = 0433DEAC2C4BB7E500DB4B31 /* UserModel.swift */; };
		0435DB122C43CFC000D66FB1 /* LogInViewModel.swift in Sources */ = {isa = PBXBuildFile; fileRef = 0435DB112C43CFC000D66FB1 /* LogInViewModel.swift */; };
		0435DB142C43CFD300D66FB1 /* LogInCoordinator.swift in Sources */ = {isa = PBXBuildFile; fileRef = 0435DB132C43CFD300D66FB1 /* LogInCoordinator.swift */; };
		0435DB162C43CFE200D66FB1 /* LogInViewController.swift in Sources */ = {isa = PBXBuildFile; fileRef = 0435DB152C43CFE200D66FB1 /* LogInViewController.swift */; };
		0435DB182C43CFED00D66FB1 /* LogIn.storyboard in Resources */ = {isa = PBXBuildFile; fileRef = 0435DB172C43CFED00D66FB1 /* LogIn.storyboard */; };
		043C42A72C4912B500FCF502 /* PopUpViewModel.swift in Sources */ = {isa = PBXBuildFile; fileRef = 043C42A62C4912B500FCF502 /* PopUpViewModel.swift */; };
		043C42A92C4912F500FCF502 /* PopUpCoordinator.swift in Sources */ = {isa = PBXBuildFile; fileRef = 043C42A82C4912F500FCF502 /* PopUpCoordinator.swift */; };
		043C42AB2C4914BC00FCF502 /* PopUp.storyboard in Resources */ = {isa = PBXBuildFile; fileRef = 043C42AA2C4914BC00FCF502 /* PopUp.storyboard */; };
		043C42AE2C4BB0EA00FCF502 /* ProfileCoordinator.swift in Sources */ = {isa = PBXBuildFile; fileRef = 043C42AD2C4BB0EA00FCF502 /* ProfileCoordinator.swift */; };
		043C42B02C4BB0F500FCF502 /* ProfileViewModel.swift in Sources */ = {isa = PBXBuildFile; fileRef = 043C42AF2C4BB0F500FCF502 /* ProfileViewModel.swift */; };
		043C42B22C4BB10200FCF502 /* ProfileViewController.swift in Sources */ = {isa = PBXBuildFile; fileRef = 043C42B12C4BB10200FCF502 /* ProfileViewController.swift */; };
		043C42B42C4BB10B00FCF502 /* Profile.storyboard in Resources */ = {isa = PBXBuildFile; fileRef = 043C42B32C4BB10B00FCF502 /* Profile.storyboard */; };
		044E854E2C3E6A1300E0916D /* Identifiers.swift in Sources */ = {isa = PBXBuildFile; fileRef = 044E854D2C3E6A1300E0916D /* Identifiers.swift */; };
		044E85502C3F38EA00E0916D /* RegistrationModel.swift in Sources */ = {isa = PBXBuildFile; fileRef = 044E854F2C3F38EA00E0916D /* RegistrationModel.swift */; };
		046B12352C3084BD0095ECC7 /* AppDelegate.swift in Sources */ = {isa = PBXBuildFile; fileRef = 046B12342C3084BD0095ECC7 /* AppDelegate.swift */; };
		046B12372C3084BD0095ECC7 /* SceneDelegate.swift in Sources */ = {isa = PBXBuildFile; fileRef = 046B12362C3084BD0095ECC7 /* SceneDelegate.swift */; };
		046B123E2C3084BF0095ECC7 /* Assets.xcassets in Resources */ = {isa = PBXBuildFile; fileRef = 046B123D2C3084BF0095ECC7 /* Assets.xcassets */; };
		046B124F2C30BAE10095ECC7 /* HomeViewController.swift in Sources */ = {isa = PBXBuildFile; fileRef = 046B124E2C30BAE10095ECC7 /* HomeViewController.swift */; };
		046B12512C30BB170095ECC7 /* BaseViewController.swift in Sources */ = {isa = PBXBuildFile; fileRef = 046B12502C30BB170095ECC7 /* BaseViewController.swift */; };
		046B12532C30BBFE0095ECC7 /* AppCoordinator.swift in Sources */ = {isa = PBXBuildFile; fileRef = 046B12522C30BBFE0095ECC7 /* AppCoordinator.swift */; };
		046B12572C30C2690095ECC7 /* Home.storyboard in Resources */ = {isa = PBXBuildFile; fileRef = 046B12562C30C2690095ECC7 /* Home.storyboard */; };
		046B12592C30C2770095ECC7 /* HomeCoordinator.swift in Sources */ = {isa = PBXBuildFile; fileRef = 046B12582C30C2770095ECC7 /* HomeCoordinator.swift */; };
		046B125B2C30C2860095ECC7 /* HomeViewModel.swift in Sources */ = {isa = PBXBuildFile; fileRef = 046B125A2C30C2860095ECC7 /* HomeViewModel.swift */; };
		046B12602C32BAD10095ECC7 /* Coordinator.swift in Sources */ = {isa = PBXBuildFile; fileRef = 046B125F2C32BAD10095ECC7 /* Coordinator.swift */; };
		046B12652C3407AB0095ECC7 /* UIColor+Extension.swift in Sources */ = {isa = PBXBuildFile; fileRef = 046B12642C3407AB0095ECC7 /* UIColor+Extension.swift */; };
		046B126B2C35F40B0095ECC7 /* CustomImageButton.swift in Sources */ = {isa = PBXBuildFile; fileRef = 046B126A2C35F40B0095ECC7 /* CustomImageButton.swift */; };
		046B126F2C35FD9B0095ECC7 /* PlainButton.swift in Sources */ = {isa = PBXBuildFile; fileRef = 046B126E2C35FD9B0095ECC7 /* PlainButton.swift */; };
		046B12792C3602910095ECC7 /* UIImage+Extension.swift in Sources */ = {isa = PBXBuildFile; fileRef = 046B12782C3602910095ECC7 /* UIImage+Extension.swift */; };
		046B12832C3615760095ECC7 /* CustomSwitch.swift in Sources */ = {isa = PBXBuildFile; fileRef = 046B12822C3615760095ECC7 /* CustomSwitch.swift */; };
		046B12882C3689870095ECC7 /* CustomTextField.swift in Sources */ = {isa = PBXBuildFile; fileRef = 046B12872C3689860095ECC7 /* CustomTextField.swift */; };
		046B128A2C3689930095ECC7 /* CustomTextField.xib in Resources */ = {isa = PBXBuildFile; fileRef = 046B12892C3689930095ECC7 /* CustomTextField.xib */; };
		046B128B2C36D1B90095ECC7 /* SairaRoman-Regular.ttf in Resources */ = {isa = PBXBuildFile; fileRef = 046B126D2C35FADC0095ECC7 /* SairaRoman-Regular.ttf */; };
		046B128D2C36D3630095ECC7 /* UIFont+Extension.swift in Sources */ = {isa = PBXBuildFile; fileRef = 046B128C2C36D3630095ECC7 /* UIFont+Extension.swift */; };
		046B12902C3987340095ECC7 /* SplashViewController.swift in Sources */ = {isa = PBXBuildFile; fileRef = 046B128F2C3987340095ECC7 /* SplashViewController.swift */; };
		046B12922C39874A0095ECC7 /* Splash.storyboard in Resources */ = {isa = PBXBuildFile; fileRef = 046B12912C39874A0095ECC7 /* Splash.storyboard */; };
		046B12952C39F20D0095ECC7 /* UIView+Extension.swift in Sources */ = {isa = PBXBuildFile; fileRef = 046B12942C39F20D0095ECC7 /* UIView+Extension.swift */; };
		04C17A2F2C47D18000B929B9 /* PopUpViewController.swift in Sources */ = {isa = PBXBuildFile; fileRef = 04C17A2D2C47D18000B929B9 /* PopUpViewController.swift */; };
		04CE3E8B2C4EF37A00A0C121 /* Style.swift in Sources */ = {isa = PBXBuildFile; fileRef = 04CE3E8A2C4EF37A00A0C121 /* Style.swift */; };
		04D2F1912C51075300F85ED9 /* OptionModel.swift in Sources */ = {isa = PBXBuildFile; fileRef = 04D2F1902C51075300F85ED9 /* OptionModel.swift */; };
		04D2F1942C510CBE00F85ED9 /* OptionsPopUpViewController.swift in Sources */ = {isa = PBXBuildFile; fileRef = 04D2F1932C510CBE00F85ED9 /* OptionsPopUpViewController.swift */; };
		04D2F1962C510CCB00F85ED9 /* OptionsPopUpCoordinator.swift in Sources */ = {isa = PBXBuildFile; fileRef = 04D2F1952C510CCB00F85ED9 /* OptionsPopUpCoordinator.swift */; };
		04D2F1982C510CDA00F85ED9 /* OptionsPopUpViewModel.swift in Sources */ = {isa = PBXBuildFile; fileRef = 04D2F1972C510CD900F85ED9 /* OptionsPopUpViewModel.swift */; };
		04D2F19A2C510CE900F85ED9 /* OptionsPopUp.storyboard in Resources */ = {isa = PBXBuildFile; fileRef = 04D2F1992C510CE900F85ED9 /* OptionsPopUp.storyboard */; };
		04D2F19E2C510E9B00F85ED9 /* PopupTransitioningDelegate.swift in Sources */ = {isa = PBXBuildFile; fileRef = 04D2F19C2C510E9B00F85ED9 /* PopupTransitioningDelegate.swift */; };
		04D2F19F2C510E9B00F85ED9 /* PopupTransitioningPresentationController.swift in Sources */ = {isa = PBXBuildFile; fileRef = 04D2F19D2C510E9B00F85ED9 /* PopupTransitioningPresentationController.swift */; };
		04D356452C46A3C00087859F /* GoogleService-Info.plist in Resources */ = {isa = PBXBuildFile; fileRef = 04D356442C46A3C00087859F /* GoogleService-Info.plist */; };
		04D356482C46A4B60087859F /* ForgotPasswordViewModel.swift in Sources */ = {isa = PBXBuildFile; fileRef = 04D356472C46A4B60087859F /* ForgotPasswordViewModel.swift */; };
		04D3564A2C46A4C40087859F /* ForgotPasswordCoodinator.swift in Sources */ = {isa = PBXBuildFile; fileRef = 04D356492C46A4C40087859F /* ForgotPasswordCoodinator.swift */; };
		04D3564C2C46A4D20087859F /* ForgotPasswordViewController.swift in Sources */ = {isa = PBXBuildFile; fileRef = 04D3564B2C46A4D20087859F /* ForgotPasswordViewController.swift */; };
		04D3564E2C46A4DE0087859F /* ForgotPassword.storyboard in Resources */ = {isa = PBXBuildFile; fileRef = 04D3564D2C46A4DE0087859F /* ForgotPassword.storyboard */; };
		04E5AAC52C51182500DA61C7 /* AdjustableTableView.swift in Sources */ = {isa = PBXBuildFile; fileRef = 04E5AAC42C51182500DA61C7 /* AdjustableTableView.swift */; };
		04E5AAC92C511A8500DA61C7 /* OptionTableViewCell.swift in Sources */ = {isa = PBXBuildFile; fileRef = 04E5AAC72C511A8500DA61C7 /* OptionTableViewCell.swift */; };
		04E5AACA2C511A8500DA61C7 /* OptionTableViewCell.xib in Resources */ = {isa = PBXBuildFile; fileRef = 04E5AAC82C511A8500DA61C7 /* OptionTableViewCell.xib */; };
		04F3C5512C3D3185000E14C7 /* TabViewModel.swift in Sources */ = {isa = PBXBuildFile; fileRef = 04F3C5502C3D3185000E14C7 /* TabViewModel.swift */; };
		04F3C5542C3D31A9000E14C7 /* TabViewController.swift in Sources */ = {isa = PBXBuildFile; fileRef = 04F3C5522C3D31A9000E14C7 /* TabViewController.swift */; };
		04F3C5572C3D3220000E14C7 /* TabBar.storyboard in Resources */ = {isa = PBXBuildFile; fileRef = 04F3C5562C3D3220000E14C7 /* TabBar.storyboard */; };
		04F3C55B2C3D3BFD000E14C7 /* BaseViewModel.swift in Sources */ = {isa = PBXBuildFile; fileRef = 04F3C55A2C3D3BFD000E14C7 /* BaseViewModel.swift */; };
		04F3C55E2C3D3EE1000E14C7 /* RegitstrationCoordinator.swift in Sources */ = {isa = PBXBuildFile; fileRef = 04F3C55D2C3D3EE1000E14C7 /* RegitstrationCoordinator.swift */; };
		04F3C5602C3D3EF1000E14C7 /* RegitstrationViewModel.swift in Sources */ = {isa = PBXBuildFile; fileRef = 04F3C55F2C3D3EF1000E14C7 /* RegitstrationViewModel.swift */; };
		04F3C5632C3D3F1E000E14C7 /* RegistrationViewController.swift in Sources */ = {isa = PBXBuildFile; fileRef = 04F3C5612C3D3F1E000E14C7 /* RegistrationViewController.swift */; };
		04F3C5662C3D3F44000E14C7 /* Registration.storyboard in Resources */ = {isa = PBXBuildFile; fileRef = 04F3C5652C3D3F44000E14C7 /* Registration.storyboard */; };
		04F3C5782C3D7475000E14C7 /* RegExp+Extension.swift in Sources */ = {isa = PBXBuildFile; fileRef = 04F3C5772C3D7475000E14C7 /* RegExp+Extension.swift */; };
		04F3C57A2C3D77F1000E14C7 /* UITableView+Extension.swift in Sources */ = {isa = PBXBuildFile; fileRef = 04F3C5792C3D77F1000E14C7 /* UITableView+Extension.swift */; };
		04F3C57C2C3D7814000E14C7 /* UITableViewCell+Extension.swift in Sources */ = {isa = PBXBuildFile; fileRef = 04F3C57B2C3D7814000E14C7 /* UITableViewCell+Extension.swift */; };
		B8E11BE2FD8050028CEA67CB /* Pods_FitnessApp.framework in Frameworks */ = {isa = PBXBuildFile; fileRef = 0902B889C75A077F3D449C56 /* Pods_FitnessApp.framework */; };
/* End PBXBuildFile section */

/* Begin PBXFileReference section */
		041175D52C3A006C00059052 /* TabCoordinator.swift */ = {isa = PBXFileReference; lastKnownFileType = sourcecode.swift; path = TabCoordinator.swift; sourceTree = "<group>"; };
		041175DD2C3A8D4B00059052 /* MusclesViewController.swift */ = {isa = PBXFileReference; lastKnownFileType = sourcecode.swift; path = MusclesViewController.swift; sourceTree = "<group>"; };
		041175DF2C3A8D6D00059052 /* MusclesViewModel.swift */ = {isa = PBXFileReference; lastKnownFileType = sourcecode.swift; path = MusclesViewModel.swift; sourceTree = "<group>"; };
		041175E12C3A8D7900059052 /* MusclesCoordinator.swift */ = {isa = PBXFileReference; lastKnownFileType = sourcecode.swift; path = MusclesCoordinator.swift; sourceTree = "<group>"; };
		041175E32C3A8D8300059052 /* Muscles.storyboard */ = {isa = PBXFileReference; lastKnownFileType = file.storyboard; path = Muscles.storyboard; sourceTree = "<group>"; };
		041175E52C3A8D9100059052 /* ClaculatorViewController.swift */ = {isa = PBXFileReference; lastKnownFileType = sourcecode.swift; path = ClaculatorViewController.swift; sourceTree = "<group>"; };
		041175E72C3A8D9B00059052 /* CalculatorViewModel.swift */ = {isa = PBXFileReference; lastKnownFileType = sourcecode.swift; path = CalculatorViewModel.swift; sourceTree = "<group>"; };
		041175E92C3A8DA900059052 /* CalculatorCoordinator.swift */ = {isa = PBXFileReference; lastKnownFileType = sourcecode.swift; path = CalculatorCoordinator.swift; sourceTree = "<group>"; };
		041175EB2C3A8DB300059052 /* Calculator.storyboard */ = {isa = PBXFileReference; lastKnownFileType = file.storyboard; path = Calculator.storyboard; sourceTree = "<group>"; };
		041175ED2C3A8DC200059052 /* ProgressViewController.swift */ = {isa = PBXFileReference; lastKnownFileType = sourcecode.swift; path = ProgressViewController.swift; sourceTree = "<group>"; };
		041175EF2C3A8DCD00059052 /* ProgressViewModel.swift */ = {isa = PBXFileReference; lastKnownFileType = sourcecode.swift; path = ProgressViewModel.swift; sourceTree = "<group>"; };
		041175F12C3A8DD800059052 /* ProgressCoordinator.swift */ = {isa = PBXFileReference; lastKnownFileType = sourcecode.swift; path = ProgressCoordinator.swift; sourceTree = "<group>"; };
		041175F32C3A8DDF00059052 /* Progress.storyboard */ = {isa = PBXFileReference; lastKnownFileType = file.storyboard; path = Progress.storyboard; sourceTree = "<group>"; };
		041175F52C3B3CC600059052 /* FirebaseService.swift */ = {isa = PBXFileReference; lastKnownFileType = sourcecode.swift; path = FirebaseService.swift; sourceTree = "<group>"; };
		041175FE2C3BCF7300059052 /* SplashViewModel.swift */ = {isa = PBXFileReference; lastKnownFileType = sourcecode.swift; path = SplashViewModel.swift; sourceTree = "<group>"; };
		042535622C39F36300FE9611 /* SplashCoordinator.swift */ = {isa = PBXFileReference; lastKnownFileType = sourcecode.swift; path = SplashCoordinator.swift; sourceTree = "<group>"; };
		042535642C39F44F00FE9611 /* UIViewController+Extension.swift */ = {isa = PBXFileReference; lastKnownFileType = sourcecode.swift; path = "UIViewController+Extension.swift"; sourceTree = "<group>"; };
		042DF4982C514183004436DD /* OptionView.swift */ = {isa = PBXFileReference; lastKnownFileType = sourcecode.swift; path = OptionView.swift; sourceTree = "<group>"; };
		042DF49C2C51426E004436DD /* OptionView.xib */ = {isa = PBXFileReference; lastKnownFileType = file.xib; path = OptionView.xib; sourceTree = "<group>"; };
		042DF49F2C53C8AF004436DD /* OptionCollectionViewCell.swift */ = {isa = PBXFileReference; lastKnownFileType = sourcecode.swift; path = OptionCollectionViewCell.swift; sourceTree = "<group>"; };
		042DF4A02C53C8AF004436DD /* OptionCollectionViewCell.xib */ = {isa = PBXFileReference; lastKnownFileType = file.xib; path = OptionCollectionViewCell.xib; sourceTree = "<group>"; };
		042DF4A32C542743004436DD /* Double+Extensions.swift */ = {isa = PBXFileReference; lastKnownFileType = sourcecode.swift; path = "Double+Extensions.swift"; sourceTree = "<group>"; };
		042DF4AE2C54484F004436DD /* Gilroy-Semibold.ttf */ = {isa = PBXFileReference; lastKnownFileType = file; path = "Gilroy-Semibold.ttf"; sourceTree = "<group>"; };
		042DF4B12C57DB81004436DD /* Date+Extension.swift */ = {isa = PBXFileReference; lastKnownFileType = sourcecode.swift; path = "Date+Extension.swift"; sourceTree = "<group>"; };
		042DF4B42C591BE2004436DD /* ProgressTableViewCell.swift */ = {isa = PBXFileReference; lastKnownFileType = sourcecode.swift; path = ProgressTableViewCell.swift; sourceTree = "<group>"; };
		042DF4B52C591BE3004436DD /* ProgressTableViewCell.xib */ = {isa = PBXFileReference; lastKnownFileType = file.xib; path = ProgressTableViewCell.xib; sourceTree = "<group>"; };
		042DF4BB2C5A8590004436DD /* UserChangeObserver.swift */ = {isa = PBXFileReference; lastKnownFileType = sourcecode.swift; path = UserChangeObserver.swift; sourceTree = "<group>"; };
		042DF4BE2C5A8EA2004436DD /* ChartViewController.swift */ = {isa = PBXFileReference; lastKnownFileType = sourcecode.swift; path = ChartViewController.swift; sourceTree = "<group>"; };
		042DF4C02C5A8EAE004436DD /* ChartCoordinator.swift */ = {isa = PBXFileReference; lastKnownFileType = sourcecode.swift; path = ChartCoordinator.swift; sourceTree = "<group>"; };
		042DF4C22C5A8EB8004436DD /* ChartViewModel.swift */ = {isa = PBXFileReference; lastKnownFileType = sourcecode.swift; path = ChartViewModel.swift; sourceTree = "<group>"; };
		042DF4C42C5A8EC2004436DD /* Chart.storyboard */ = {isa = PBXFileReference; lastKnownFileType = file.storyboard; path = Chart.storyboard; sourceTree = "<group>"; };
		0433DEAC2C4BB7E500DB4B31 /* UserModel.swift */ = {isa = PBXFileReference; lastKnownFileType = sourcecode.swift; path = UserModel.swift; sourceTree = "<group>"; };
		0435DB112C43CFC000D66FB1 /* LogInViewModel.swift */ = {isa = PBXFileReference; lastKnownFileType = sourcecode.swift; path = LogInViewModel.swift; sourceTree = "<group>"; };
		0435DB132C43CFD300D66FB1 /* LogInCoordinator.swift */ = {isa = PBXFileReference; lastKnownFileType = sourcecode.swift; path = LogInCoordinator.swift; sourceTree = "<group>"; };
		0435DB152C43CFE200D66FB1 /* LogInViewController.swift */ = {isa = PBXFileReference; lastKnownFileType = sourcecode.swift; path = LogInViewController.swift; sourceTree = "<group>"; };
		0435DB172C43CFED00D66FB1 /* LogIn.storyboard */ = {isa = PBXFileReference; lastKnownFileType = file.storyboard; path = LogIn.storyboard; sourceTree = "<group>"; };
		043C42A62C4912B500FCF502 /* PopUpViewModel.swift */ = {isa = PBXFileReference; lastKnownFileType = sourcecode.swift; path = PopUpViewModel.swift; sourceTree = "<group>"; };
		043C42A82C4912F500FCF502 /* PopUpCoordinator.swift */ = {isa = PBXFileReference; lastKnownFileType = sourcecode.swift; path = PopUpCoordinator.swift; sourceTree = "<group>"; };
		043C42AA2C4914BC00FCF502 /* PopUp.storyboard */ = {isa = PBXFileReference; lastKnownFileType = file.storyboard; path = PopUp.storyboard; sourceTree = "<group>"; };
		043C42AD2C4BB0EA00FCF502 /* ProfileCoordinator.swift */ = {isa = PBXFileReference; lastKnownFileType = sourcecode.swift; path = ProfileCoordinator.swift; sourceTree = "<group>"; };
		043C42AF2C4BB0F500FCF502 /* ProfileViewModel.swift */ = {isa = PBXFileReference; lastKnownFileType = sourcecode.swift; path = ProfileViewModel.swift; sourceTree = "<group>"; };
		043C42B12C4BB10200FCF502 /* ProfileViewController.swift */ = {isa = PBXFileReference; lastKnownFileType = sourcecode.swift; path = ProfileViewController.swift; sourceTree = "<group>"; };
		043C42B32C4BB10B00FCF502 /* Profile.storyboard */ = {isa = PBXFileReference; lastKnownFileType = file.storyboard; path = Profile.storyboard; sourceTree = "<group>"; };
		044E854D2C3E6A1300E0916D /* Identifiers.swift */ = {isa = PBXFileReference; lastKnownFileType = sourcecode.swift; path = Identifiers.swift; sourceTree = "<group>"; };
		044E854F2C3F38EA00E0916D /* RegistrationModel.swift */ = {isa = PBXFileReference; lastKnownFileType = sourcecode.swift; path = RegistrationModel.swift; sourceTree = "<group>"; };
		046B12312C3084BD0095ECC7 /* FitnessApp.app */ = {isa = PBXFileReference; explicitFileType = wrapper.application; includeInIndex = 0; path = FitnessApp.app; sourceTree = BUILT_PRODUCTS_DIR; };
		046B12342C3084BD0095ECC7 /* AppDelegate.swift */ = {isa = PBXFileReference; lastKnownFileType = sourcecode.swift; path = AppDelegate.swift; sourceTree = "<group>"; };
		046B12362C3084BD0095ECC7 /* SceneDelegate.swift */ = {isa = PBXFileReference; lastKnownFileType = sourcecode.swift; path = SceneDelegate.swift; sourceTree = "<group>"; };
		046B123D2C3084BF0095ECC7 /* Assets.xcassets */ = {isa = PBXFileReference; lastKnownFileType = folder.assetcatalog; path = Assets.xcassets; sourceTree = "<group>"; };
		046B12422C3084BF0095ECC7 /* Info.plist */ = {isa = PBXFileReference; lastKnownFileType = text.plist.xml; path = Info.plist; sourceTree = "<group>"; };
		046B124E2C30BAE10095ECC7 /* HomeViewController.swift */ = {isa = PBXFileReference; lastKnownFileType = sourcecode.swift; path = HomeViewController.swift; sourceTree = "<group>"; };
		046B12502C30BB170095ECC7 /* BaseViewController.swift */ = {isa = PBXFileReference; lastKnownFileType = sourcecode.swift; path = BaseViewController.swift; sourceTree = "<group>"; };
		046B12522C30BBFE0095ECC7 /* AppCoordinator.swift */ = {isa = PBXFileReference; lastKnownFileType = sourcecode.swift; path = AppCoordinator.swift; sourceTree = "<group>"; };
		046B12562C30C2690095ECC7 /* Home.storyboard */ = {isa = PBXFileReference; lastKnownFileType = file.storyboard; path = Home.storyboard; sourceTree = "<group>"; };
		046B12582C30C2770095ECC7 /* HomeCoordinator.swift */ = {isa = PBXFileReference; lastKnownFileType = sourcecode.swift; path = HomeCoordinator.swift; sourceTree = "<group>"; };
		046B125A2C30C2860095ECC7 /* HomeViewModel.swift */ = {isa = PBXFileReference; lastKnownFileType = sourcecode.swift; path = HomeViewModel.swift; sourceTree = "<group>"; };
		046B125F2C32BAD10095ECC7 /* Coordinator.swift */ = {isa = PBXFileReference; lastKnownFileType = sourcecode.swift; path = Coordinator.swift; sourceTree = "<group>"; };
		046B12642C3407AB0095ECC7 /* UIColor+Extension.swift */ = {isa = PBXFileReference; lastKnownFileType = sourcecode.swift; path = "UIColor+Extension.swift"; sourceTree = "<group>"; };
		046B126A2C35F40B0095ECC7 /* CustomImageButton.swift */ = {isa = PBXFileReference; lastKnownFileType = sourcecode.swift; path = CustomImageButton.swift; sourceTree = "<group>"; };
		046B126D2C35FADC0095ECC7 /* SairaRoman-Regular.ttf */ = {isa = PBXFileReference; lastKnownFileType = file; path = "SairaRoman-Regular.ttf"; sourceTree = "<group>"; };
		046B126E2C35FD9B0095ECC7 /* PlainButton.swift */ = {isa = PBXFileReference; lastKnownFileType = sourcecode.swift; path = PlainButton.swift; sourceTree = "<group>"; };
		046B12782C3602910095ECC7 /* UIImage+Extension.swift */ = {isa = PBXFileReference; lastKnownFileType = sourcecode.swift; path = "UIImage+Extension.swift"; sourceTree = "<group>"; };
		046B12822C3615760095ECC7 /* CustomSwitch.swift */ = {isa = PBXFileReference; lastKnownFileType = sourcecode.swift; path = CustomSwitch.swift; sourceTree = "<group>"; };
		046B12872C3689860095ECC7 /* CustomTextField.swift */ = {isa = PBXFileReference; lastKnownFileType = sourcecode.swift; path = CustomTextField.swift; sourceTree = "<group>"; };
		046B12892C3689930095ECC7 /* CustomTextField.xib */ = {isa = PBXFileReference; lastKnownFileType = file.xib; path = CustomTextField.xib; sourceTree = "<group>"; };
		046B128C2C36D3630095ECC7 /* UIFont+Extension.swift */ = {isa = PBXFileReference; lastKnownFileType = sourcecode.swift; path = "UIFont+Extension.swift"; sourceTree = "<group>"; };
		046B128F2C3987340095ECC7 /* SplashViewController.swift */ = {isa = PBXFileReference; lastKnownFileType = sourcecode.swift; path = SplashViewController.swift; sourceTree = "<group>"; };
		046B12912C39874A0095ECC7 /* Splash.storyboard */ = {isa = PBXFileReference; lastKnownFileType = file.storyboard; path = Splash.storyboard; sourceTree = "<group>"; };
		046B12942C39F20D0095ECC7 /* UIView+Extension.swift */ = {isa = PBXFileReference; lastKnownFileType = sourcecode.swift; path = "UIView+Extension.swift"; sourceTree = "<group>"; };
		04C17A2D2C47D18000B929B9 /* PopUpViewController.swift */ = {isa = PBXFileReference; lastKnownFileType = sourcecode.swift; path = PopUpViewController.swift; sourceTree = "<group>"; };
		04CE3E8A2C4EF37A00A0C121 /* Style.swift */ = {isa = PBXFileReference; lastKnownFileType = sourcecode.swift; path = Style.swift; sourceTree = "<group>"; };
		04D2F1902C51075300F85ED9 /* OptionModel.swift */ = {isa = PBXFileReference; lastKnownFileType = sourcecode.swift; path = OptionModel.swift; sourceTree = "<group>"; };
		04D2F1932C510CBE00F85ED9 /* OptionsPopUpViewController.swift */ = {isa = PBXFileReference; lastKnownFileType = sourcecode.swift; path = OptionsPopUpViewController.swift; sourceTree = "<group>"; };
		04D2F1952C510CCB00F85ED9 /* OptionsPopUpCoordinator.swift */ = {isa = PBXFileReference; lastKnownFileType = sourcecode.swift; path = OptionsPopUpCoordinator.swift; sourceTree = "<group>"; };
		04D2F1972C510CD900F85ED9 /* OptionsPopUpViewModel.swift */ = {isa = PBXFileReference; lastKnownFileType = sourcecode.swift; path = OptionsPopUpViewModel.swift; sourceTree = "<group>"; };
		04D2F1992C510CE900F85ED9 /* OptionsPopUp.storyboard */ = {isa = PBXFileReference; lastKnownFileType = file.storyboard; path = OptionsPopUp.storyboard; sourceTree = "<group>"; };
		04D2F19C2C510E9B00F85ED9 /* PopupTransitioningDelegate.swift */ = {isa = PBXFileReference; fileEncoding = 4; lastKnownFileType = sourcecode.swift; path = PopupTransitioningDelegate.swift; sourceTree = "<group>"; };
		04D2F19D2C510E9B00F85ED9 /* PopupTransitioningPresentationController.swift */ = {isa = PBXFileReference; fileEncoding = 4; lastKnownFileType = sourcecode.swift; path = PopupTransitioningPresentationController.swift; sourceTree = "<group>"; };
		04D356442C46A3C00087859F /* GoogleService-Info.plist */ = {isa = PBXFileReference; fileEncoding = 4; lastKnownFileType = text.plist.xml; path = "GoogleService-Info.plist"; sourceTree = "<group>"; };
		04D356472C46A4B60087859F /* ForgotPasswordViewModel.swift */ = {isa = PBXFileReference; lastKnownFileType = sourcecode.swift; path = ForgotPasswordViewModel.swift; sourceTree = "<group>"; };
		04D356492C46A4C40087859F /* ForgotPasswordCoodinator.swift */ = {isa = PBXFileReference; lastKnownFileType = sourcecode.swift; path = ForgotPasswordCoodinator.swift; sourceTree = "<group>"; };
		04D3564B2C46A4D20087859F /* ForgotPasswordViewController.swift */ = {isa = PBXFileReference; lastKnownFileType = sourcecode.swift; path = ForgotPasswordViewController.swift; sourceTree = "<group>"; };
		04D3564D2C46A4DE0087859F /* ForgotPassword.storyboard */ = {isa = PBXFileReference; lastKnownFileType = file.storyboard; path = ForgotPassword.storyboard; sourceTree = "<group>"; };
		04E5AAC42C51182500DA61C7 /* AdjustableTableView.swift */ = {isa = PBXFileReference; lastKnownFileType = sourcecode.swift; path = AdjustableTableView.swift; sourceTree = "<group>"; };
		04E5AAC72C511A8500DA61C7 /* OptionTableViewCell.swift */ = {isa = PBXFileReference; lastKnownFileType = sourcecode.swift; path = OptionTableViewCell.swift; sourceTree = "<group>"; };
		04E5AAC82C511A8500DA61C7 /* OptionTableViewCell.xib */ = {isa = PBXFileReference; lastKnownFileType = file.xib; path = OptionTableViewCell.xib; sourceTree = "<group>"; };
		04F3C5502C3D3185000E14C7 /* TabViewModel.swift */ = {isa = PBXFileReference; lastKnownFileType = sourcecode.swift; path = TabViewModel.swift; sourceTree = "<group>"; };
		04F3C5522C3D31A9000E14C7 /* TabViewController.swift */ = {isa = PBXFileReference; lastKnownFileType = sourcecode.swift; path = TabViewController.swift; sourceTree = "<group>"; };
		04F3C5562C3D3220000E14C7 /* TabBar.storyboard */ = {isa = PBXFileReference; lastKnownFileType = file.storyboard; path = TabBar.storyboard; sourceTree = "<group>"; };
		04F3C55A2C3D3BFD000E14C7 /* BaseViewModel.swift */ = {isa = PBXFileReference; lastKnownFileType = sourcecode.swift; path = BaseViewModel.swift; sourceTree = "<group>"; };
		04F3C55D2C3D3EE1000E14C7 /* RegitstrationCoordinator.swift */ = {isa = PBXFileReference; lastKnownFileType = sourcecode.swift; path = RegitstrationCoordinator.swift; sourceTree = "<group>"; };
		04F3C55F2C3D3EF1000E14C7 /* RegitstrationViewModel.swift */ = {isa = PBXFileReference; lastKnownFileType = sourcecode.swift; path = RegitstrationViewModel.swift; sourceTree = "<group>"; };
		04F3C5612C3D3F1E000E14C7 /* RegistrationViewController.swift */ = {isa = PBXFileReference; lastKnownFileType = sourcecode.swift; path = RegistrationViewController.swift; sourceTree = "<group>"; };
		04F3C5652C3D3F44000E14C7 /* Registration.storyboard */ = {isa = PBXFileReference; lastKnownFileType = file.storyboard; path = Registration.storyboard; sourceTree = "<group>"; };
		04F3C5772C3D7475000E14C7 /* RegExp+Extension.swift */ = {isa = PBXFileReference; lastKnownFileType = sourcecode.swift; path = "RegExp+Extension.swift"; sourceTree = "<group>"; };
		04F3C5792C3D77F1000E14C7 /* UITableView+Extension.swift */ = {isa = PBXFileReference; lastKnownFileType = sourcecode.swift; path = "UITableView+Extension.swift"; sourceTree = "<group>"; };
		04F3C57B2C3D7814000E14C7 /* UITableViewCell+Extension.swift */ = {isa = PBXFileReference; lastKnownFileType = sourcecode.swift; path = "UITableViewCell+Extension.swift"; sourceTree = "<group>"; };
		0902B889C75A077F3D449C56 /* Pods_FitnessApp.framework */ = {isa = PBXFileReference; explicitFileType = wrapper.framework; includeInIndex = 0; path = Pods_FitnessApp.framework; sourceTree = BUILT_PRODUCTS_DIR; };
		A74D7DEB44DD191C5A36C4E7 /* Pods-FitnessApp.debug.xcconfig */ = {isa = PBXFileReference; includeInIndex = 1; lastKnownFileType = text.xcconfig; name = "Pods-FitnessApp.debug.xcconfig"; path = "Target Support Files/Pods-FitnessApp/Pods-FitnessApp.debug.xcconfig"; sourceTree = "<group>"; };
		C5E5F5AFB502649A631232E0 /* Pods-FitnessApp.release.xcconfig */ = {isa = PBXFileReference; includeInIndex = 1; lastKnownFileType = text.xcconfig; name = "Pods-FitnessApp.release.xcconfig"; path = "Target Support Files/Pods-FitnessApp/Pods-FitnessApp.release.xcconfig"; sourceTree = "<group>"; };
/* End PBXFileReference section */

/* Begin PBXFrameworksBuildPhase section */
		046B122E2C3084BD0095ECC7 /* Frameworks */ = {
			isa = PBXFrameworksBuildPhase;
			buildActionMask = 2147483647;
			files = (
				B8E11BE2FD8050028CEA67CB /* Pods_FitnessApp.framework in Frameworks */,
			);
			runOnlyForDeploymentPostprocessing = 0;
		};
/* End PBXFrameworksBuildPhase section */

/* Begin PBXGroup section */
		041175D42C3A005200059052 /* Flow */ = {
			isa = PBXGroup;
			children = (
				041175DA2C3A01CA00059052 /* TabBar */,
				046B12522C30BBFE0095ECC7 /* AppCoordinator.swift */,
			);
			path = Flow;
			sourceTree = "<group>";
		};
		041175D72C3A015200059052 /* Progress */ = {
			isa = PBXGroup;
			children = (
				042DF4B32C591B6D004436DD /* Cells */,
				041175ED2C3A8DC200059052 /* ProgressViewController.swift */,
				041175EF2C3A8DCD00059052 /* ProgressViewModel.swift */,
				041175F12C3A8DD800059052 /* ProgressCoordinator.swift */,
				041175F32C3A8DDF00059052 /* Progress.storyboard */,
			);
			path = Progress;
			sourceTree = "<group>";
		};
		041175D82C3A015900059052 /* Calculator */ = {
			isa = PBXGroup;
			children = (
				041175E52C3A8D9100059052 /* ClaculatorViewController.swift */,
				041175E72C3A8D9B00059052 /* CalculatorViewModel.swift */,
				041175E92C3A8DA900059052 /* CalculatorCoordinator.swift */,
				041175EB2C3A8DB300059052 /* Calculator.storyboard */,
			);
			path = Calculator;
			sourceTree = "<group>";
		};
		041175D92C3A016500059052 /* Muscles */ = {
			isa = PBXGroup;
			children = (
				041175DD2C3A8D4B00059052 /* MusclesViewController.swift */,
				041175DF2C3A8D6D00059052 /* MusclesViewModel.swift */,
				041175E12C3A8D7900059052 /* MusclesCoordinator.swift */,
				041175E32C3A8D8300059052 /* Muscles.storyboard */,
			);
			path = Muscles;
			sourceTree = "<group>";
		};
		041175DA2C3A01CA00059052 /* TabBar */ = {
			isa = PBXGroup;
			children = (
				041175D52C3A006C00059052 /* TabCoordinator.swift */,
				04F3C5502C3D3185000E14C7 /* TabViewModel.swift */,
				04F3C5522C3D31A9000E14C7 /* TabViewController.swift */,
				04F3C5562C3D3220000E14C7 /* TabBar.storyboard */,
			);
			path = TabBar;
			sourceTree = "<group>";
		};
		042DF4972C514161004436DD /* OptionView */ = {
			isa = PBXGroup;
			children = (
				042DF4982C514183004436DD /* OptionView.swift */,
				042DF49C2C51426E004436DD /* OptionView.xib */,
			);
			path = OptionView;
			sourceTree = "<group>";
		};
		042DF49E2C53C875004436DD /* Cells */ = {
			isa = PBXGroup;
			children = (
				042DF49F2C53C8AF004436DD /* OptionCollectionViewCell.swift */,
				042DF4A02C53C8AF004436DD /* OptionCollectionViewCell.xib */,
			);
			path = Cells;
			sourceTree = "<group>";
		};
		042DF4B32C591B6D004436DD /* Cells */ = {
			isa = PBXGroup;
			children = (
				042DF4B42C591BE2004436DD /* ProgressTableViewCell.swift */,
				042DF4B52C591BE3004436DD /* ProgressTableViewCell.xib */,
			);
			path = Cells;
			sourceTree = "<group>";
		};
		042DF4BA2C5A8570004436DD /* Helpers */ = {
			isa = PBXGroup;
			children = (
				042DF4BB2C5A8590004436DD /* UserChangeObserver.swift */,
			);
			path = Helpers;
			sourceTree = "<group>";
		};
		042DF4BD2C5A8E8E004436DD /* Chart */ = {
			isa = PBXGroup;
			children = (
				042DF4BE2C5A8EA2004436DD /* ChartViewController.swift */,
				042DF4C02C5A8EAE004436DD /* ChartCoordinator.swift */,
				042DF4C22C5A8EB8004436DD /* ChartViewModel.swift */,
				042DF4C42C5A8EC2004436DD /* Chart.storyboard */,
			);
			path = Chart;
			sourceTree = "<group>";
		};
		0435DB102C43CFA700D66FB1 /* LogIn */ = {
			isa = PBXGroup;
			children = (
				0435DB112C43CFC000D66FB1 /* LogInViewModel.swift */,
				0435DB132C43CFD300D66FB1 /* LogInCoordinator.swift */,
				0435DB152C43CFE200D66FB1 /* LogInViewController.swift */,
				0435DB172C43CFED00D66FB1 /* LogIn.storyboard */,
			);
			path = LogIn;
			sourceTree = "<group>";
		};
		043C42AC2C4BB0C400FCF502 /* Profile */ = {
			isa = PBXGroup;
			children = (
				042DF4972C514161004436DD /* OptionView */,
				043C42AD2C4BB0EA00FCF502 /* ProfileCoordinator.swift */,
				043C42AF2C4BB0F500FCF502 /* ProfileViewModel.swift */,
				043C42B12C4BB10200FCF502 /* ProfileViewController.swift */,
				043C42B32C4BB10B00FCF502 /* Profile.storyboard */,
			);
			path = Profile;
			sourceTree = "<group>";
		};
		044E85512C3F395200E0916D /* Models */ = {
			isa = PBXGroup;
			children = (
				044E854F2C3F38EA00E0916D /* RegistrationModel.swift */,
				0433DEAC2C4BB7E500DB4B31 /* UserModel.swift */,
				04D2F1902C51075300F85ED9 /* OptionModel.swift */,
			);
			path = Models;
			sourceTree = "<group>";
		};
		046B12282C3084BD0095ECC7 = {
			isa = PBXGroup;
			children = (
				046B12332C3084BD0095ECC7 /* FitnessApp */,
				046B12322C3084BD0095ECC7 /* Products */,
				7789FD7B3FD334219D0E95F1 /* Pods */,
				33A51D1B8FDF0F25A4EF65A3 /* Frameworks */,
			);
			sourceTree = "<group>";
		};
		046B12322C3084BD0095ECC7 /* Products */ = {
			isa = PBXGroup;
			children = (
				046B12312C3084BD0095ECC7 /* FitnessApp.app */,
			);
			name = Products;
			sourceTree = "<group>";
		};
		046B12332C3084BD0095ECC7 /* FitnessApp */ = {
			isa = PBXGroup;
			children = (
				042DF4BA2C5A8570004436DD /* Helpers */,
				04D2F19B2C510E8700F85ED9 /* Transition */,
				041175D42C3A005200059052 /* Flow */,
				046B12482C30BA480095ECC7 /* Application */,
				046B124A2C30BA590095ECC7 /* Base */,
				046B12632C3402BF0095ECC7 /* UIComponents */,
				046B12622C3402B20095ECC7 /* Extensions */,
				046B12612C3402980095ECC7 /* Resources */,
				046B12492C30BA530095ECC7 /* API */,
				046B12422C3084BF0095ECC7 /* Info.plist */,
				04D356442C46A3C00087859F /* GoogleService-Info.plist */,
			);
			path = FitnessApp;
			sourceTree = "<group>";
		};
		046B12482C30BA480095ECC7 /* Application */ = {
			isa = PBXGroup;
			children = (
				042DF4BD2C5A8E8E004436DD /* Chart */,
				04D2F1922C510CA700F85ED9 /* OptionsPopUp */,
				043C42AC2C4BB0C400FCF502 /* Profile */,
				04D356462C46A49F0087859F /* ForgotPassword */,
				0435DB102C43CFA700D66FB1 /* LogIn */,
				04F3C55C2C3D3ECD000E14C7 /* Registration */,
				046B12342C3084BD0095ECC7 /* AppDelegate.swift */,
				046B12362C3084BD0095ECC7 /* SceneDelegate.swift */,
				041175D92C3A016500059052 /* Muscles */,
				041175D82C3A015900059052 /* Calculator */,
				041175D72C3A015200059052 /* Progress */,
				046B128E2C3986FC0095ECC7 /* SplashScreen */,
				046B124D2C30BABE0095ECC7 /* Home */,
			);
			path = Application;
			sourceTree = "<group>";
		};
		046B12492C30BA530095ECC7 /* API */ = {
			isa = PBXGroup;
			children = (
				044E85512C3F395200E0916D /* Models */,
				041175F52C3B3CC600059052 /* FirebaseService.swift */,
			);
			path = API;
			sourceTree = "<group>";
		};
		046B124A2C30BA590095ECC7 /* Base */ = {
			isa = PBXGroup;
			children = (
				046B12502C30BB170095ECC7 /* BaseViewController.swift */,
				046B125F2C32BAD10095ECC7 /* Coordinator.swift */,
				04F3C55A2C3D3BFD000E14C7 /* BaseViewModel.swift */,
				044E854D2C3E6A1300E0916D /* Identifiers.swift */,
				04CE3E8A2C4EF37A00A0C121 /* Style.swift */,
			);
			path = Base;
			sourceTree = "<group>";
		};
		046B124D2C30BABE0095ECC7 /* Home */ = {
			isa = PBXGroup;
			children = (
				042DF49E2C53C875004436DD /* Cells */,
				046B124E2C30BAE10095ECC7 /* HomeViewController.swift */,
				046B12562C30C2690095ECC7 /* Home.storyboard */,
				046B12582C30C2770095ECC7 /* HomeCoordinator.swift */,
				046B125A2C30C2860095ECC7 /* HomeViewModel.swift */,
			);
			path = Home;
			sourceTree = "<group>";
		};
		046B12612C3402980095ECC7 /* Resources */ = {
			isa = PBXGroup;
			children = (
				046B126C2C35FAB80095ECC7 /* Fonts */,
				046B123D2C3084BF0095ECC7 /* Assets.xcassets */,
			);
			path = Resources;
			sourceTree = "<group>";
		};
		046B12622C3402B20095ECC7 /* Extensions */ = {
			isa = PBXGroup;
			children = (
				046B12642C3407AB0095ECC7 /* UIColor+Extension.swift */,
				046B12782C3602910095ECC7 /* UIImage+Extension.swift */,
				046B128C2C36D3630095ECC7 /* UIFont+Extension.swift */,
				046B12942C39F20D0095ECC7 /* UIView+Extension.swift */,
				042535642C39F44F00FE9611 /* UIViewController+Extension.swift */,
				04F3C5772C3D7475000E14C7 /* RegExp+Extension.swift */,
				04F3C5792C3D77F1000E14C7 /* UITableView+Extension.swift */,
				04F3C57B2C3D7814000E14C7 /* UITableViewCell+Extension.swift */,
				042DF4A32C542743004436DD /* Double+Extensions.swift */,
				042DF4B12C57DB81004436DD /* Date+Extension.swift */,
			);
			path = Extensions;
			sourceTree = "<group>";
		};
		046B12632C3402BF0095ECC7 /* UIComponents */ = {
			isa = PBXGroup;
			children = (
				04C17A2C2C47D16A00B929B9 /* PopUp */,
				046B12862C3689660095ECC7 /* UITextField */,
				046B12672C3575210095ECC7 /* UIButton */,
				046B12822C3615760095ECC7 /* CustomSwitch.swift */,
				04E5AAC42C51182500DA61C7 /* AdjustableTableView.swift */,
			);
			path = UIComponents;
			sourceTree = "<group>";
		};
		046B12672C3575210095ECC7 /* UIButton */ = {
			isa = PBXGroup;
			children = (
				046B126A2C35F40B0095ECC7 /* CustomImageButton.swift */,
				046B126E2C35FD9B0095ECC7 /* PlainButton.swift */,
			);
			path = UIButton;
			sourceTree = "<group>";
		};
		046B126C2C35FAB80095ECC7 /* Fonts */ = {
			isa = PBXGroup;
			children = (
				042DF4AE2C54484F004436DD /* Gilroy-Semibold.ttf */,
				046B126D2C35FADC0095ECC7 /* SairaRoman-Regular.ttf */,
			);
			path = Fonts;
			sourceTree = "<group>";
		};
		046B12862C3689660095ECC7 /* UITextField */ = {
			isa = PBXGroup;
			children = (
				046B12872C3689860095ECC7 /* CustomTextField.swift */,
				046B12892C3689930095ECC7 /* CustomTextField.xib */,
			);
			path = UITextField;
			sourceTree = "<group>";
		};
		046B128E2C3986FC0095ECC7 /* SplashScreen */ = {
			isa = PBXGroup;
			children = (
				046B128F2C3987340095ECC7 /* SplashViewController.swift */,
				046B12912C39874A0095ECC7 /* Splash.storyboard */,
				042535622C39F36300FE9611 /* SplashCoordinator.swift */,
				041175FE2C3BCF7300059052 /* SplashViewModel.swift */,
			);
			path = SplashScreen;
			sourceTree = "<group>";
		};
		04C17A2C2C47D16A00B929B9 /* PopUp */ = {
			isa = PBXGroup;
			children = (
				04C17A2D2C47D18000B929B9 /* PopUpViewController.swift */,
				043C42A62C4912B500FCF502 /* PopUpViewModel.swift */,
				043C42A82C4912F500FCF502 /* PopUpCoordinator.swift */,
				043C42AA2C4914BC00FCF502 /* PopUp.storyboard */,
			);
			path = PopUp;
			sourceTree = "<group>";
		};
		04D2F1922C510CA700F85ED9 /* OptionsPopUp */ = {
			isa = PBXGroup;
			children = (
				04E5AAC62C511A7500DA61C7 /* Cells */,
				04D2F1932C510CBE00F85ED9 /* OptionsPopUpViewController.swift */,
				04D2F1952C510CCB00F85ED9 /* OptionsPopUpCoordinator.swift */,
				04D2F1972C510CD900F85ED9 /* OptionsPopUpViewModel.swift */,
				04D2F1992C510CE900F85ED9 /* OptionsPopUp.storyboard */,
			);
			path = OptionsPopUp;
			sourceTree = "<group>";
		};
		04D2F19B2C510E8700F85ED9 /* Transition */ = {
			isa = PBXGroup;
			children = (
				04D2F19C2C510E9B00F85ED9 /* PopupTransitioningDelegate.swift */,
				04D2F19D2C510E9B00F85ED9 /* PopupTransitioningPresentationController.swift */,
			);
			path = Transition;
			sourceTree = "<group>";
		};
		04D356462C46A49F0087859F /* ForgotPassword */ = {
			isa = PBXGroup;
			children = (
				04D356472C46A4B60087859F /* ForgotPasswordViewModel.swift */,
				04D356492C46A4C40087859F /* ForgotPasswordCoodinator.swift */,
				04D3564B2C46A4D20087859F /* ForgotPasswordViewController.swift */,
				04D3564D2C46A4DE0087859F /* ForgotPassword.storyboard */,
			);
			path = ForgotPassword;
			sourceTree = "<group>";
		};
		04E5AAC62C511A7500DA61C7 /* Cells */ = {
			isa = PBXGroup;
			children = (
				04E5AAC72C511A8500DA61C7 /* OptionTableViewCell.swift */,
				04E5AAC82C511A8500DA61C7 /* OptionTableViewCell.xib */,
			);
			path = Cells;
			sourceTree = "<group>";
		};
		04F3C55C2C3D3ECD000E14C7 /* Registration */ = {
			isa = PBXGroup;
			children = (
				04F3C55D2C3D3EE1000E14C7 /* RegitstrationCoordinator.swift */,
				04F3C55F2C3D3EF1000E14C7 /* RegitstrationViewModel.swift */,
				04F3C5612C3D3F1E000E14C7 /* RegistrationViewController.swift */,
				04F3C5652C3D3F44000E14C7 /* Registration.storyboard */,
			);
			path = Registration;
			sourceTree = "<group>";
		};
		33A51D1B8FDF0F25A4EF65A3 /* Frameworks */ = {
			isa = PBXGroup;
			children = (
				0902B889C75A077F3D449C56 /* Pods_FitnessApp.framework */,
			);
			name = Frameworks;
			sourceTree = "<group>";
		};
		7789FD7B3FD334219D0E95F1 /* Pods */ = {
			isa = PBXGroup;
			children = (
				A74D7DEB44DD191C5A36C4E7 /* Pods-FitnessApp.debug.xcconfig */,
				C5E5F5AFB502649A631232E0 /* Pods-FitnessApp.release.xcconfig */,
			);
			path = Pods;
			sourceTree = "<group>";
		};
/* End PBXGroup section */

/* Begin PBXNativeTarget section */
		046B12302C3084BD0095ECC7 /* FitnessApp */ = {
			isa = PBXNativeTarget;
			buildConfigurationList = 046B12452C3084BF0095ECC7 /* Build configuration list for PBXNativeTarget "FitnessApp" */;
			buildPhases = (
				DBFE259CF3B9CA0B9B93987F /* [CP] Check Pods Manifest.lock */,
				046B122D2C3084BD0095ECC7 /* Sources */,
				046B122E2C3084BD0095ECC7 /* Frameworks */,
				046B122F2C3084BD0095ECC7 /* Resources */,
				40ECEE471B84C63DAFFB34CB /* [CP] Embed Pods Frameworks */,
			);
			buildRules = (
			);
			dependencies = (
			);
			name = FitnessApp;
			productName = FitnessApp;
			productReference = 046B12312C3084BD0095ECC7 /* FitnessApp.app */;
			productType = "com.apple.product-type.application";
		};
/* End PBXNativeTarget section */

/* Begin PBXProject section */
		046B12292C3084BD0095ECC7 /* Project object */ = {
			isa = PBXProject;
			attributes = {
				BuildIndependentTargetsInParallel = 1;
				LastSwiftUpdateCheck = 1420;
				LastUpgradeCheck = 1420;
				TargetAttributes = {
					046B12302C3084BD0095ECC7 = {
						CreatedOnToolsVersion = 14.2;
					};
				};
			};
			buildConfigurationList = 046B122C2C3084BD0095ECC7 /* Build configuration list for PBXProject "FitnessApp" */;
			compatibilityVersion = "Xcode 14.0";
			developmentRegion = en;
			hasScannedForEncodings = 0;
			knownRegions = (
				en,
				Base,
			);
			mainGroup = 046B12282C3084BD0095ECC7;
			productRefGroup = 046B12322C3084BD0095ECC7 /* Products */;
			projectDirPath = "";
			projectRoot = "";
			targets = (
				046B12302C3084BD0095ECC7 /* FitnessApp */,
			);
		};
/* End PBXProject section */

/* Begin PBXResourcesBuildPhase section */
		046B122F2C3084BD0095ECC7 /* Resources */ = {
			isa = PBXResourcesBuildPhase;
			buildActionMask = 2147483647;
			files = (
				04F3C5572C3D3220000E14C7 /* TabBar.storyboard in Resources */,
				042DF4AF2C544850004436DD /* Gilroy-Semibold.ttf in Resources */,
				046B128B2C36D1B90095ECC7 /* SairaRoman-Regular.ttf in Resources */,
				04F3C5662C3D3F44000E14C7 /* Registration.storyboard in Resources */,
				043C42AB2C4914BC00FCF502 /* PopUp.storyboard in Resources */,
				041175E42C3A8D8300059052 /* Muscles.storyboard in Resources */,
				0435DB182C43CFED00D66FB1 /* LogIn.storyboard in Resources */,
				04D356452C46A3C00087859F /* GoogleService-Info.plist in Resources */,
				046B123E2C3084BF0095ECC7 /* Assets.xcassets in Resources */,
				046B12572C30C2690095ECC7 /* Home.storyboard in Resources */,
				042DF49D2C51426E004436DD /* OptionView.xib in Resources */,
				046B12922C39874A0095ECC7 /* Splash.storyboard in Resources */,
				042DF4B72C591BE3004436DD /* ProgressTableViewCell.xib in Resources */,
				046B128A2C3689930095ECC7 /* CustomTextField.xib in Resources */,
				042DF4A22C53C8AF004436DD /* OptionCollectionViewCell.xib in Resources */,
				042DF4C52C5A8EC2004436DD /* Chart.storyboard in Resources */,
				04E5AACA2C511A8500DA61C7 /* OptionTableViewCell.xib in Resources */,
				041175EC2C3A8DB300059052 /* Calculator.storyboard in Resources */,
				043C42B42C4BB10B00FCF502 /* Profile.storyboard in Resources */,
				041175F42C3A8DDF00059052 /* Progress.storyboard in Resources */,
				04D2F19A2C510CE900F85ED9 /* OptionsPopUp.storyboard in Resources */,
				04D3564E2C46A4DE0087859F /* ForgotPassword.storyboard in Resources */,
			);
			runOnlyForDeploymentPostprocessing = 0;
		};
/* End PBXResourcesBuildPhase section */

/* Begin PBXShellScriptBuildPhase section */
		40ECEE471B84C63DAFFB34CB /* [CP] Embed Pods Frameworks */ = {
			isa = PBXShellScriptBuildPhase;
			buildActionMask = 2147483647;
			files = (
			);
			inputFileListPaths = (
				"${PODS_ROOT}/Target Support Files/Pods-FitnessApp/Pods-FitnessApp-frameworks-${CONFIGURATION}-input-files.xcfilelist",
			);
			name = "[CP] Embed Pods Frameworks";
			outputFileListPaths = (
				"${PODS_ROOT}/Target Support Files/Pods-FitnessApp/Pods-FitnessApp-frameworks-${CONFIGURATION}-output-files.xcfilelist",
			);
			runOnlyForDeploymentPostprocessing = 0;
			shellPath = /bin/sh;
			shellScript = "\"${PODS_ROOT}/Target Support Files/Pods-FitnessApp/Pods-FitnessApp-frameworks.sh\"\n";
			showEnvVarsInLog = 0;
		};
		DBFE259CF3B9CA0B9B93987F /* [CP] Check Pods Manifest.lock */ = {
			isa = PBXShellScriptBuildPhase;
			buildActionMask = 2147483647;
			files = (
			);
			inputFileListPaths = (
			);
			inputPaths = (
				"${PODS_PODFILE_DIR_PATH}/Podfile.lock",
				"${PODS_ROOT}/Manifest.lock",
			);
			name = "[CP] Check Pods Manifest.lock";
			outputFileListPaths = (
			);
			outputPaths = (
				"$(DERIVED_FILE_DIR)/Pods-FitnessApp-checkManifestLockResult.txt",
			);
			runOnlyForDeploymentPostprocessing = 0;
			shellPath = /bin/sh;
			shellScript = "diff \"${PODS_PODFILE_DIR_PATH}/Podfile.lock\" \"${PODS_ROOT}/Manifest.lock\" > /dev/null\nif [ $? != 0 ] ; then\n    # print error to STDERR\n    echo \"error: The sandbox is not in sync with the Podfile.lock. Run 'pod install' or update your CocoaPods installation.\" >&2\n    exit 1\nfi\n# This output is used by Xcode 'outputs' to avoid re-running this script phase.\necho \"SUCCESS\" > \"${SCRIPT_OUTPUT_FILE_0}\"\n";
			showEnvVarsInLog = 0;
		};
/* End PBXShellScriptBuildPhase section */

/* Begin PBXSourcesBuildPhase section */
		046B122D2C3084BD0095ECC7 /* Sources */ = {
			isa = PBXSourcesBuildPhase;
			buildActionMask = 2147483647;
			files = (
				046B12532C30BBFE0095ECC7 /* AppCoordinator.swift in Sources */,
				046B12832C3615760095ECC7 /* CustomSwitch.swift in Sources */,
				046B125B2C30C2860095ECC7 /* HomeViewModel.swift in Sources */,
				042DF4C32C5A8EB8004436DD /* ChartViewModel.swift in Sources */,
				041175EE2C3A8DC200059052 /* ProgressViewController.swift in Sources */,
				041175EA2C3A8DA900059052 /* CalculatorCoordinator.swift in Sources */,
				041175E02C3A8D6D00059052 /* MusclesViewModel.swift in Sources */,
				043C42B22C4BB10200FCF502 /* ProfileViewController.swift in Sources */,
				042535632C39F36300FE9611 /* SplashCoordinator.swift in Sources */,
				042DF4992C514183004436DD /* OptionView.swift in Sources */,
				042DF4B22C57DB81004436DD /* Date+Extension.swift in Sources */,
				04F3C5512C3D3185000E14C7 /* TabViewModel.swift in Sources */,
				043C42AE2C4BB0EA00FCF502 /* ProfileCoordinator.swift in Sources */,
				042DF4A12C53C8AF004436DD /* OptionCollectionViewCell.swift in Sources */,
				041175FF2C3BCF7300059052 /* SplashViewModel.swift in Sources */,
				046B128D2C36D3630095ECC7 /* UIFont+Extension.swift in Sources */,
				0435DB142C43CFD300D66FB1 /* LogInCoordinator.swift in Sources */,
				044E854E2C3E6A1300E0916D /* Identifiers.swift in Sources */,
				043C42B02C4BB0F500FCF502 /* ProfileViewModel.swift in Sources */,
				042DF4A42C542744004436DD /* Double+Extensions.swift in Sources */,
				046B12512C30BB170095ECC7 /* BaseViewController.swift in Sources */,
				046B12882C3689870095ECC7 /* CustomTextField.swift in Sources */,
				04F3C5542C3D31A9000E14C7 /* TabViewController.swift in Sources */,
				041175E62C3A8D9100059052 /* ClaculatorViewController.swift in Sources */,
				042DF4B62C591BE3004436DD /* ProgressTableViewCell.swift in Sources */,
				046B12652C3407AB0095ECC7 /* UIColor+Extension.swift in Sources */,
				042535652C39F44F00FE9611 /* UIViewController+Extension.swift in Sources */,
				046B126B2C35F40B0095ECC7 /* CustomImageButton.swift in Sources */,
				041175D62C3A006C00059052 /* TabCoordinator.swift in Sources */,
				04F3C5602C3D3EF1000E14C7 /* RegitstrationViewModel.swift in Sources */,
				04F3C57C2C3D7814000E14C7 /* UITableViewCell+Extension.swift in Sources */,
				04D2F19E2C510E9B00F85ED9 /* PopupTransitioningDelegate.swift in Sources */,
				04F3C5782C3D7475000E14C7 /* RegExp+Extension.swift in Sources */,
				041175F02C3A8DCD00059052 /* ProgressViewModel.swift in Sources */,
				04F3C5632C3D3F1E000E14C7 /* RegistrationViewController.swift in Sources */,
				04F3C57A2C3D77F1000E14C7 /* UITableView+Extension.swift in Sources */,
				042DF4BF2C5A8EA3004436DD /* ChartViewController.swift in Sources */,
				04F3C55B2C3D3BFD000E14C7 /* BaseViewModel.swift in Sources */,
				041175F62C3B3CC600059052 /* FirebaseService.swift in Sources */,
				04E5AAC52C51182500DA61C7 /* AdjustableTableView.swift in Sources */,
				041175DE2C3A8D4B00059052 /* MusclesViewController.swift in Sources */,
				04D2F1942C510CBE00F85ED9 /* OptionsPopUpViewController.swift in Sources */,
				043C42A72C4912B500FCF502 /* PopUpViewModel.swift in Sources */,
				046B124F2C30BAE10095ECC7 /* HomeViewController.swift in Sources */,
				046B12352C3084BD0095ECC7 /* AppDelegate.swift in Sources */,
				041175E82C3A8D9B00059052 /* CalculatorViewModel.swift in Sources */,
				043C42A92C4912F500FCF502 /* PopUpCoordinator.swift in Sources */,
				04D3564C2C46A4D20087859F /* ForgotPasswordViewController.swift in Sources */,
				046B126F2C35FD9B0095ECC7 /* PlainButton.swift in Sources */,
				046B12592C30C2770095ECC7 /* HomeCoordinator.swift in Sources */,
				04C17A2F2C47D18000B929B9 /* PopUpViewController.swift in Sources */,
				0435DB122C43CFC000D66FB1 /* LogInViewModel.swift in Sources */,
				046B12372C3084BD0095ECC7 /* SceneDelegate.swift in Sources */,
				0433DEAD2C4BB7E500DB4B31 /* UserModel.swift in Sources */,
				041175E22C3A8D7900059052 /* MusclesCoordinator.swift in Sources */,
				04E5AAC92C511A8500DA61C7 /* OptionTableViewCell.swift in Sources */,
				042DF4C12C5A8EAE004436DD /* ChartCoordinator.swift in Sources */,
				046B12602C32BAD10095ECC7 /* Coordinator.swift in Sources */,
				0435DB162C43CFE200D66FB1 /* LogInViewController.swift in Sources */,
				04CE3E8B2C4EF37A00A0C121 /* Style.swift in Sources */,
				04F3C55E2C3D3EE1000E14C7 /* RegitstrationCoordinator.swift in Sources */,
				04D3564A2C46A4C40087859F /* ForgotPasswordCoodinator.swift in Sources */,
				04D2F1962C510CCB00F85ED9 /* OptionsPopUpCoordinator.swift in Sources */,
				042DF4BC2C5A8590004436DD /* UserChangeObserver.swift in Sources */,
				046B12792C3602910095ECC7 /* UIImage+Extension.swift in Sources */,
				041175F22C3A8DD800059052 /* ProgressCoordinator.swift in Sources */,
				04D356482C46A4B60087859F /* ForgotPasswordViewModel.swift in Sources */,
				04D2F1912C51075300F85ED9 /* OptionModel.swift in Sources */,
				046B12952C39F20D0095ECC7 /* UIView+Extension.swift in Sources */,
				04D2F19F2C510E9B00F85ED9 /* PopupTransitioningPresentationController.swift in Sources */,
				046B12902C3987340095ECC7 /* SplashViewController.swift in Sources */,
				04D2F1982C510CDA00F85ED9 /* OptionsPopUpViewModel.swift in Sources */,
				044E85502C3F38EA00E0916D /* RegistrationModel.swift in Sources */,
			);
			runOnlyForDeploymentPostprocessing = 0;
		};
/* End PBXSourcesBuildPhase section */

/* Begin XCBuildConfiguration section */
		046B12432C3084BF0095ECC7 /* Debug */ = {
			isa = XCBuildConfiguration;
			buildSettings = {
				ALWAYS_SEARCH_USER_PATHS = NO;
				CLANG_ANALYZER_NONNULL = YES;
				CLANG_ANALYZER_NUMBER_OBJECT_CONVERSION = YES_AGGRESSIVE;
				CLANG_CXX_LANGUAGE_STANDARD = "gnu++20";
				CLANG_ENABLE_MODULES = YES;
				CLANG_ENABLE_OBJC_ARC = YES;
				CLANG_ENABLE_OBJC_WEAK = YES;
				CLANG_WARN_BLOCK_CAPTURE_AUTORELEASING = YES;
				CLANG_WARN_BOOL_CONVERSION = YES;
				CLANG_WARN_COMMA = YES;
				CLANG_WARN_CONSTANT_CONVERSION = YES;
				CLANG_WARN_DEPRECATED_OBJC_IMPLEMENTATIONS = YES;
				CLANG_WARN_DIRECT_OBJC_ISA_USAGE = YES_ERROR;
				CLANG_WARN_DOCUMENTATION_COMMENTS = YES;
				CLANG_WARN_EMPTY_BODY = YES;
				CLANG_WARN_ENUM_CONVERSION = YES;
				CLANG_WARN_INFINITE_RECURSION = YES;
				CLANG_WARN_INT_CONVERSION = YES;
				CLANG_WARN_NON_LITERAL_NULL_CONVERSION = YES;
				CLANG_WARN_OBJC_IMPLICIT_RETAIN_SELF = YES;
				CLANG_WARN_OBJC_LITERAL_CONVERSION = YES;
				CLANG_WARN_OBJC_ROOT_CLASS = YES_ERROR;
				CLANG_WARN_QUOTED_INCLUDE_IN_FRAMEWORK_HEADER = YES;
				CLANG_WARN_RANGE_LOOP_ANALYSIS = YES;
				CLANG_WARN_STRICT_PROTOTYPES = YES;
				CLANG_WARN_SUSPICIOUS_MOVE = YES;
				CLANG_WARN_UNGUARDED_AVAILABILITY = YES_AGGRESSIVE;
				CLANG_WARN_UNREACHABLE_CODE = YES;
				CLANG_WARN__DUPLICATE_METHOD_MATCH = YES;
				COPY_PHASE_STRIP = NO;
				DEBUG_INFORMATION_FORMAT = dwarf;
				ENABLE_STRICT_OBJC_MSGSEND = YES;
				ENABLE_TESTABILITY = YES;
				GCC_C_LANGUAGE_STANDARD = gnu11;
				GCC_DYNAMIC_NO_PIC = NO;
				GCC_NO_COMMON_BLOCKS = YES;
				GCC_OPTIMIZATION_LEVEL = 0;
				GCC_PREPROCESSOR_DEFINITIONS = (
					"DEBUG=1",
					"$(inherited)",
				);
				GCC_WARN_64_TO_32_BIT_CONVERSION = YES;
				GCC_WARN_ABOUT_RETURN_TYPE = YES_ERROR;
				GCC_WARN_UNDECLARED_SELECTOR = YES;
				GCC_WARN_UNINITIALIZED_AUTOS = YES_AGGRESSIVE;
				GCC_WARN_UNUSED_FUNCTION = YES;
				GCC_WARN_UNUSED_VARIABLE = YES;
				IPHONEOS_DEPLOYMENT_TARGET = 15.0;
				MTL_ENABLE_DEBUG_INFO = INCLUDE_SOURCE;
				MTL_FAST_MATH = YES;
				ONLY_ACTIVE_ARCH = YES;
				SDKROOT = iphoneos;
				SWIFT_ACTIVE_COMPILATION_CONDITIONS = DEBUG;
				SWIFT_OPTIMIZATION_LEVEL = "-Onone";
			};
			name = Debug;
		};
		046B12442C3084BF0095ECC7 /* Release */ = {
			isa = XCBuildConfiguration;
			buildSettings = {
				ALWAYS_SEARCH_USER_PATHS = NO;
				CLANG_ANALYZER_NONNULL = YES;
				CLANG_ANALYZER_NUMBER_OBJECT_CONVERSION = YES_AGGRESSIVE;
				CLANG_CXX_LANGUAGE_STANDARD = "gnu++20";
				CLANG_ENABLE_MODULES = YES;
				CLANG_ENABLE_OBJC_ARC = YES;
				CLANG_ENABLE_OBJC_WEAK = YES;
				CLANG_WARN_BLOCK_CAPTURE_AUTORELEASING = YES;
				CLANG_WARN_BOOL_CONVERSION = YES;
				CLANG_WARN_COMMA = YES;
				CLANG_WARN_CONSTANT_CONVERSION = YES;
				CLANG_WARN_DEPRECATED_OBJC_IMPLEMENTATIONS = YES;
				CLANG_WARN_DIRECT_OBJC_ISA_USAGE = YES_ERROR;
				CLANG_WARN_DOCUMENTATION_COMMENTS = YES;
				CLANG_WARN_EMPTY_BODY = YES;
				CLANG_WARN_ENUM_CONVERSION = YES;
				CLANG_WARN_INFINITE_RECURSION = YES;
				CLANG_WARN_INT_CONVERSION = YES;
				CLANG_WARN_NON_LITERAL_NULL_CONVERSION = YES;
				CLANG_WARN_OBJC_IMPLICIT_RETAIN_SELF = YES;
				CLANG_WARN_OBJC_LITERAL_CONVERSION = YES;
				CLANG_WARN_OBJC_ROOT_CLASS = YES_ERROR;
				CLANG_WARN_QUOTED_INCLUDE_IN_FRAMEWORK_HEADER = YES;
				CLANG_WARN_RANGE_LOOP_ANALYSIS = YES;
				CLANG_WARN_STRICT_PROTOTYPES = YES;
				CLANG_WARN_SUSPICIOUS_MOVE = YES;
				CLANG_WARN_UNGUARDED_AVAILABILITY = YES_AGGRESSIVE;
				CLANG_WARN_UNREACHABLE_CODE = YES;
				CLANG_WARN__DUPLICATE_METHOD_MATCH = YES;
				COPY_PHASE_STRIP = NO;
				DEBUG_INFORMATION_FORMAT = "dwarf-with-dsym";
				ENABLE_NS_ASSERTIONS = NO;
				ENABLE_STRICT_OBJC_MSGSEND = YES;
				GCC_C_LANGUAGE_STANDARD = gnu11;
				GCC_NO_COMMON_BLOCKS = YES;
				GCC_WARN_64_TO_32_BIT_CONVERSION = YES;
				GCC_WARN_ABOUT_RETURN_TYPE = YES_ERROR;
				GCC_WARN_UNDECLARED_SELECTOR = YES;
				GCC_WARN_UNINITIALIZED_AUTOS = YES_AGGRESSIVE;
				GCC_WARN_UNUSED_FUNCTION = YES;
				GCC_WARN_UNUSED_VARIABLE = YES;
				IPHONEOS_DEPLOYMENT_TARGET = 15.0;
				MTL_ENABLE_DEBUG_INFO = NO;
				MTL_FAST_MATH = YES;
				SDKROOT = iphoneos;
				SWIFT_COMPILATION_MODE = wholemodule;
				SWIFT_OPTIMIZATION_LEVEL = "-O";
				VALIDATE_PRODUCT = YES;
			};
			name = Release;
		};
		046B12462C3084BF0095ECC7 /* Debug */ = {
			isa = XCBuildConfiguration;
			baseConfigurationReference = A74D7DEB44DD191C5A36C4E7 /* Pods-FitnessApp.debug.xcconfig */;
			buildSettings = {
				ASSETCATALOG_COMPILER_APPICON_NAME = AppIcon;
				ASSETCATALOG_COMPILER_GLOBAL_ACCENT_COLOR_NAME = AccentColor;
				CODE_SIGN_STYLE = Automatic;
				CURRENT_PROJECT_VERSION = 1;
				GENERATE_INFOPLIST_FILE = YES;
				INFOPLIST_FILE = FitnessApp/Info.plist;
				INFOPLIST_KEY_UIApplicationSupportsIndirectInputEvents = YES;
				INFOPLIST_KEY_UILaunchStoryboardName = LaunchScreen;
				INFOPLIST_KEY_UISupportedInterfaceOrientations_iPad = "UIInterfaceOrientationPortrait UIInterfaceOrientationPortraitUpsideDown UIInterfaceOrientationLandscapeLeft UIInterfaceOrientationLandscapeRight";
				INFOPLIST_KEY_UISupportedInterfaceOrientations_iPhone = "UIInterfaceOrientationPortrait UIInterfaceOrientationLandscapeLeft UIInterfaceOrientationLandscapeRight";
				LD_RUNPATH_SEARCH_PATHS = (
					"$(inherited)",
					"@executable_path/Frameworks",
				);
				MARKETING_VERSION = 1.0;
				PRODUCT_BUNDLE_IDENTIFIER = com.JaneStr.FitnessApp;
				PRODUCT_NAME = "$(TARGET_NAME)";
				SWIFT_EMIT_LOC_STRINGS = YES;
				SWIFT_VERSION = 5.0;
				TARGETED_DEVICE_FAMILY = "1,2";
			};
			name = Debug;
		};
		046B12472C3084BF0095ECC7 /* Release */ = {
			isa = XCBuildConfiguration;
			baseConfigurationReference = C5E5F5AFB502649A631232E0 /* Pods-FitnessApp.release.xcconfig */;
			buildSettings = {
				ASSETCATALOG_COMPILER_APPICON_NAME = AppIcon;
				ASSETCATALOG_COMPILER_GLOBAL_ACCENT_COLOR_NAME = AccentColor;
				CODE_SIGN_STYLE = Automatic;
				CURRENT_PROJECT_VERSION = 1;
				GENERATE_INFOPLIST_FILE = YES;
				INFOPLIST_FILE = FitnessApp/Info.plist;
				INFOPLIST_KEY_UIApplicationSupportsIndirectInputEvents = YES;
				INFOPLIST_KEY_UILaunchStoryboardName = LaunchScreen;
				INFOPLIST_KEY_UISupportedInterfaceOrientations_iPad = "UIInterfaceOrientationPortrait UIInterfaceOrientationPortraitUpsideDown UIInterfaceOrientationLandscapeLeft UIInterfaceOrientationLandscapeRight";
				INFOPLIST_KEY_UISupportedInterfaceOrientations_iPhone = "UIInterfaceOrientationPortrait UIInterfaceOrientationLandscapeLeft UIInterfaceOrientationLandscapeRight";
				LD_RUNPATH_SEARCH_PATHS = (
					"$(inherited)",
					"@executable_path/Frameworks",
				);
				MARKETING_VERSION = 1.0;
				PRODUCT_BUNDLE_IDENTIFIER = com.JaneStr.FitnessApp;
				PRODUCT_NAME = "$(TARGET_NAME)";
				SWIFT_EMIT_LOC_STRINGS = YES;
				SWIFT_VERSION = 5.0;
				TARGETED_DEVICE_FAMILY = "1,2";
			};
			name = Release;
		};
/* End XCBuildConfiguration section */

/* Begin XCConfigurationList section */
		046B122C2C3084BD0095ECC7 /* Build configuration list for PBXProject "FitnessApp" */ = {
			isa = XCConfigurationList;
			buildConfigurations = (
				046B12432C3084BF0095ECC7 /* Debug */,
				046B12442C3084BF0095ECC7 /* Release */,
			);
			defaultConfigurationIsVisible = 0;
			defaultConfigurationName = Release;
		};
		046B12452C3084BF0095ECC7 /* Build configuration list for PBXNativeTarget "FitnessApp" */ = {
			isa = XCConfigurationList;
			buildConfigurations = (
				046B12462C3084BF0095ECC7 /* Debug */,
				046B12472C3084BF0095ECC7 /* Release */,
			);
			defaultConfigurationIsVisible = 0;
			defaultConfigurationName = Release;
		};
/* End XCConfigurationList section */
	};
	rootObject = 046B12292C3084BD0095ECC7 /* Project object */;
}
